PODS:
  - AFNetworking (2.5.4):
    - AFNetworking/NSURLConnection (= 2.5.4)
    - AFNetworking/NSURLSession (= 2.5.4)
    - AFNetworking/Reachability (= 2.5.4)
    - AFNetworking/Security (= 2.5.4)
    - AFNetworking/Serialization (= 2.5.4)
    - AFNetworking/UIKit (= 2.5.4)
  - AFNetworking/NSURLConnection (2.5.4):
    - AFNetworking/Reachability
    - AFNetworking/Security
    - AFNetworking/Serialization
  - AFNetworking/NSURLSession (2.5.4):
    - AFNetworking/Reachability
    - AFNetworking/Security
    - AFNetworking/Serialization
  - AFNetworking/Reachability (2.5.4)
  - AFNetworking/Security (2.5.4)
  - AFNetworking/Serialization (2.5.4)
  - AFNetworking/UIKit (2.5.4):
    - AFNetworking/NSURLConnection
    - AFNetworking/NSURLSession
  - dyci (0.1.5.6):
    - dyci/Injections (= 0.1.5.6)
  - dyci/Injections (0.1.5.6)
  - Expecta (0.4.2)
  - FLEX (2.0.3)
  - KZPlayground (0.3.3):
    - dyci (~> 0.1.5.6)
    - NHBalancedFlowLayout (~> 0.2)
    - RSSwizzle (~> 0.1.0)
  - Masonry (0.6.1)
  - NHBalancedFlowLayout (0.2)
  - RSSwizzle (0.1.0)
  - SDWebImage (3.7.2):
    - SDWebImage/Core (= 3.7.2)
  - SDWebImage/Core (3.7.2)
  - Specta (0.3.0.beta1)
  - TMCache (1.2.4)

DEPENDENCIES:
  - AFNetworking (~> 2.5)
  - Expecta (~> 0.3)
  - FLEX (~> 2.0)
  - KZPlayground
  - Masonry (~> 0.6)
  - SDWebImage (~> 3.7)
  - Specta (from `https://github.com/specta/specta.git`, tag `v0.3.0.beta1`)
  - TMCache (~> 1.2)

EXTERNAL SOURCES:
  Specta:
    :git: https://github.com/specta/specta.git
    :tag: v0.3.0.beta1

CHECKOUT OPTIONS:
  Specta:
    :git: https://github.com/specta/specta.git
    :tag: v0.3.0.beta1

SPEC CHECKSUMS:
  AFNetworking: 05edc0ac4c4c8cf57bcf4b84be5b0744b6d8e71e
  dyci: 099c2e6dc98abb8f21b370cabbf1443ff700608a
  Expecta: 78b4e8b0c8291fa4524d7f74016b6065c2e391ec
  FLEX: 4f04fe0b0594163c00879e2b3db888e5ae37c8d5
  KZPlayground: 079127ffc487adb682d3407f68cc63e92927de97
  Masonry: 4972309f2f134de9dd312f4dc4a21359b50e6caa
  NHBalancedFlowLayout: fd253023c6754e605acdb180d50123e582cc62bb
  RSSwizzle: d561958f595028bfcef98c7d55c318b3878a61c6
  SDWebImage: 71b7cdc1d1721d6a82ed62889030225f2c249e29
  Specta: d2158a483ad179e5f8d3a29f75ff4fc0ff6fab16
  TMCache: a93984b045a5ee84bd8941bd5e0b54296059cc52

COCOAPODS: 0.36.4
