// !$*UTF8*$!
{
	archiveVersion = 1;
	classes = {
	};
	objectVersion = 46;
	objects = {

/* Begin PBXBuildFile section */
		5F07CE80CFC38A9413CC8739 /* libPods-M9Dev.a in Frameworks */ = {isa = PBXBuildFile; fileRef = C40F5709482EB90422698E21 /* libPods-M9Dev.a */; };
		60D9A2532435B9F0EB6F2351 /* libPods-M9DevTests.a in Frameworks */ = {isa = PBXBuildFile; fileRef = 5CD668994EC447AAC47A2B14 /* libPods-M9DevTests.a */; };
		DF18B31F1BA001FB00CE10CB /* TestCornerRadiusViewController.m in Sources */ = {isa = PBXBuildFile; fileRef = DF18B31E1BA001FB00CE10CB /* TestCornerRadiusViewController.m */; };
		DF18B3231BA00E4D00CE10CB /* M9Dev.bundle in Resources */ = {isa = PBXBuildFile; fileRef = DF18B3221BA00E4D00CE10CB /* M9Dev.bundle */; };
		DF256A171BC95BEC00154BF6 /* M9Link.m in Sources */ = {isa = PBXBuildFile; fileRef = DF256A161BC95BEC00154BF6 /* M9Link.m */; settings = {ASSET_TAGS = (); }; };
		DF2781181B9DB4F800E5E517 /* Accelerate.framework in Frameworks */ = {isa = PBXBuildFile; fileRef = DF2781171B9DB4F800E5E517 /* Accelerate.framework */; };
		DF34A3E71BAC58EE00F6AF06 /* FreeTestViewController.m in Sources */ = {isa = PBXBuildFile; fileRef = DF34A3E61BAC58EE00F6AF06 /* FreeTestViewController.m */; settings = {ASSET_TAGS = (); }; };
		DF34A3E91BAC6B7A00F6AF06 /* EXTScope.m in Sources */ = {isa = PBXBuildFile; fileRef = DF34A3E81BAC6B7A00F6AF06 /* EXTScope.m */; settings = {ASSET_TAGS = (); }; };
		DF57B64319A74E9300C374E8 /* M9DevTestTableViewController.m in Sources */ = {isa = PBXBuildFile; fileRef = DF57B64219A74E9300C374E8 /* M9DevTestTableViewController.m */; };
		DF64282F1BAC41CC00966CF2 /* LaunchScreen.xib in Resources */ = {isa = PBXBuildFile; fileRef = DF64282E1BAC41CC00966CF2 /* LaunchScreen.xib */; settings = {ASSET_TAGS = (); }; };
		DF69D2251967EA7E00B8C011 /* Foundation.framework in Frameworks */ = {isa = PBXBuildFile; fileRef = DF69D2241967EA7E00B8C011 /* Foundation.framework */; };
		DF69D2271967EA7E00B8C011 /* CoreGraphics.framework in Frameworks */ = {isa = PBXBuildFile; fileRef = DF69D2261967EA7E00B8C011 /* CoreGraphics.framework */; };
		DF69D2291967EA7E00B8C011 /* UIKit.framework in Frameworks */ = {isa = PBXBuildFile; fileRef = DF69D2281967EA7E00B8C011 /* UIKit.framework */; };
		DF69D22F1967EA7E00B8C011 /* InfoPlist.strings in Resources */ = {isa = PBXBuildFile; fileRef = DF69D22D1967EA7E00B8C011 /* InfoPlist.strings */; };
		DF69D2311967EA7E00B8C011 /* main.m in Sources */ = {isa = PBXBuildFile; fileRef = DF69D2301967EA7E00B8C011 /* main.m */; };
		DF69D2351967EA7E00B8C011 /* AppDelegate.m in Sources */ = {isa = PBXBuildFile; fileRef = DF69D2341967EA7E00B8C011 /* AppDelegate.m */; };
		DF69D2371967EA7F00B8C011 /* Images.xcassets in Resources */ = {isa = PBXBuildFile; fileRef = DF69D2361967EA7F00B8C011 /* Images.xcassets */; };
		DF69D23E1967EA7F00B8C011 /* XCTest.framework in Frameworks */ = {isa = PBXBuildFile; fileRef = DF69D23D1967EA7F00B8C011 /* XCTest.framework */; };
		DF69D23F1967EA7F00B8C011 /* Foundation.framework in Frameworks */ = {isa = PBXBuildFile; fileRef = DF69D2241967EA7E00B8C011 /* Foundation.framework */; };
		DF69D2401967EA7F00B8C011 /* UIKit.framework in Frameworks */ = {isa = PBXBuildFile; fileRef = DF69D2281967EA7E00B8C011 /* UIKit.framework */; };
		DF69D2481967EA7F00B8C011 /* InfoPlist.strings in Resources */ = {isa = PBXBuildFile; fileRef = DF69D2461967EA7F00B8C011 /* InfoPlist.strings */; };
		DF69D24A1967EA7F00B8C011 /* M9DevTests.m in Sources */ = {isa = PBXBuildFile; fileRef = DF69D2491967EA7F00B8C011 /* M9DevTests.m */; };
		DF69D2551968490F00B8C011 /* M9NetworkingViewController.m in Sources */ = {isa = PBXBuildFile; fileRef = DF69D2541968490F00B8C011 /* M9NetworkingViewController.m */; };
		DF69D2641968513300B8C011 /* NSObject+AssociatedObjects.m in Sources */ = {isa = PBXBuildFile; fileRef = DF69D2591968513300B8C011 /* NSObject+AssociatedObjects.m */; };
		DF69D28B19685B6500B8C011 /* NSDate+RFC1123.m in Sources */ = {isa = PBXBuildFile; fileRef = DF69D28A19685B6500B8C011 /* NSDate+RFC1123.m */; };
		DF6D6BA21B9EEAB200259E6D /* UIResponder+M9.m in Sources */ = {isa = PBXBuildFile; fileRef = DF6D6BA11B9EEAB200259E6D /* UIResponder+M9.m */; };
		DF6D6BA51B9F084D00259E6D /* UITableViewCell+M9.m in Sources */ = {isa = PBXBuildFile; fileRef = DF6D6BA41B9F084D00259E6D /* UITableViewCell+M9.m */; };
		DF6D6BA81B9F160100259E6D /* TestClosestAndAccessoryViewController.m in Sources */ = {isa = PBXBuildFile; fileRef = DF6D6BA71B9F160100259E6D /* TestClosestAndAccessoryViewController.m */; };
		DF82F32019B730D300599432 /* VideosOCCollectionViewController.m in Sources */ = {isa = PBXBuildFile; fileRef = DF82F31F19B730D300599432 /* VideosOCCollectionViewController.m */; };
		DFA871081B9C0A570040249B /* ARCWeakRef.m in Sources */ = {isa = PBXBuildFile; fileRef = DFA870981B9C0A560040249B /* ARCWeakRef.m */; };
		DFA871091B9C0A570040249B /* NSAttributedString+JS.m in Sources */ = {isa = PBXBuildFile; fileRef = DFA8709C1B9C0A560040249B /* NSAttributedString+JS.m */; };
		DFA8710A1B9C0A570040249B /* NSData+JS.m in Sources */ = {isa = PBXBuildFile; fileRef = DFA8709E1B9C0A560040249B /* NSData+JS.m */; };
		DFA8710B1B9C0A570040249B /* NSString+JS.m in Sources */ = {isa = PBXBuildFile; fileRef = DFA870A01B9C0A560040249B /* NSString+JS.m */; };
		DFA8710C1B9C0A570040249B /* NSURL+JS.m in Sources */ = {isa = PBXBuildFile; fileRef = DFA870A21B9C0A560040249B /* NSURL+JS.m */; };
		DFA8710D1B9C0A570040249B /* JSCore.m in Sources */ = {isa = PBXBuildFile; fileRef = DFA870A41B9C0A560040249B /* JSCore.m */; };
		DFA8710E1B9C0A570040249B /* JSView.m in Sources */ = {isa = PBXBuildFile; fileRef = DFA870A61B9C0A560040249B /* JSView.m */; };
		DFA8710F1B9C0A570040249B /* NSObject+JS.m in Sources */ = {isa = PBXBuildFile; fileRef = DFA870A91B9C0A560040249B /* NSObject+JS.m */; };
		DFA871101B9C0A570040249B /* UICollectionViewCell+JS.m in Sources */ = {isa = PBXBuildFile; fileRef = DFA870AB1B9C0A560040249B /* UICollectionViewCell+JS.m */; };
		DFA871111B9C0A570040249B /* UICollectionViewFlowLayout+JS.m in Sources */ = {isa = PBXBuildFile; fileRef = DFA870AD1B9C0A560040249B /* UICollectionViewFlowLayout+JS.m */; };
		DFA871121B9C0A570040249B /* UIColor+JS.m in Sources */ = {isa = PBXBuildFile; fileRef = DFA870AF1B9C0A560040249B /* UIColor+JS.m */; };
		DFA871131B9C0A570040249B /* UIFont+JS.m in Sources */ = {isa = PBXBuildFile; fileRef = DFA870B11B9C0A560040249B /* UIFont+JS.m */; };
		DFA871141B9C0A570040249B /* UIImage+JS.m in Sources */ = {isa = PBXBuildFile; fileRef = DFA870B31B9C0A560040249B /* UIImage+JS.m */; };
		DFA871151B9C0A570040249B /* UIImageView+JS.m in Sources */ = {isa = PBXBuildFile; fileRef = DFA870B51B9C0A560040249B /* UIImageView+JS.m */; };
		DFA871161B9C0A570040249B /* UILabel+JS.m in Sources */ = {isa = PBXBuildFile; fileRef = DFA870B71B9C0A560040249B /* UILabel+JS.m */; };
		DFA871171B9C0A570040249B /* UIView+JS.m in Sources */ = {isa = PBXBuildFile; fileRef = DFA870B91B9C0A560040249B /* UIView+JS.m */; };
		DFA871181B9C0A570040249B /* JSONObject.m in Sources */ = {isa = PBXBuildFile; fileRef = DFA870BC1B9C0A560040249B /* JSONObject.m */; };
		DFA871191B9C0A570040249B /* NSString+JSONObject.m in Sources */ = {isa = PBXBuildFile; fileRef = DFA870BE1B9C0A560040249B /* NSString+JSONObject.m */; };
		DFA8711A1B9C0A570040249B /* UIColor+JS.m in Sources */ = {isa = PBXBuildFile; fileRef = DFA870C11B9C0A560040249B /* UIColor+JS.m */; };
		DFA8711B1B9C0A570040249B /* UIView+JS.m in Sources */ = {isa = PBXBuildFile; fileRef = DFA870C31B9C0A560040249B /* UIView+JS.m */; };
		DFA8711C1B9C0A570040249B /* AFNResponseInfo.m in Sources */ = {isa = PBXBuildFile; fileRef = DFA870C71B9C0A560040249B /* AFNResponseInfo.m */; };
		DFA8711D1B9C0A570040249B /* M9Networking.m in Sources */ = {isa = PBXBuildFile; fileRef = DFA870C91B9C0A560040249B /* M9Networking.m */; };
		DFA8711E1B9C0A570040249B /* M9RequestInfo.m in Sources */ = {isa = PBXBuildFile; fileRef = DFA870CB1B9C0A560040249B /* M9RequestInfo.m */; };
		DFA8711F1B9C0A570040249B /* M9RequestRef.m in Sources */ = {isa = PBXBuildFile; fileRef = DFA870CE1B9C0A560040249B /* M9RequestRef.m */; };
		DFA871201B9C0A570040249B /* M9PagingViewController.m in Sources */ = {isa = PBXBuildFile; fileRef = DFA870D11B9C0A560040249B /* M9PagingViewController.m */; };
		DFA871211B9C0A570040249B /* M9Promise.m in Sources */ = {isa = PBXBuildFile; fileRef = DFA870D31B9C0A560040249B /* M9Promise.m */; };
		DFA871221B9C0A570040249B /* M9ScrollViewController.m in Sources */ = {isa = PBXBuildFile; fileRef = DFA870D51B9C0A560040249B /* M9ScrollViewController.m */; };
		DFA871231B9C0A570040249B /* M9TableViewController.m in Sources */ = {isa = PBXBuildFile; fileRef = DFA870D71B9C0A560040249B /* M9TableViewController.m */; };
		DFA871241B9C0A570040249B /* M9Utilities.m in Sources */ = {isa = PBXBuildFile; fileRef = DFA870D91B9C0A560040249B /* M9Utilities.m */; };
		DFA871251B9C0A570040249B /* NSArray+M9.m in Sources */ = {isa = PBXBuildFile; fileRef = DFA870DB1B9C0A560040249B /* NSArray+M9.m */; };
		DFA871261B9C0A570040249B /* NSAttributedString+M9.m in Sources */ = {isa = PBXBuildFile; fileRef = DFA870DD1B9C0A560040249B /* NSAttributedString+M9.m */; };
		DFA871271B9C0A570040249B /* NSData+M9.m in Sources */ = {isa = PBXBuildFile; fileRef = DFA870DF1B9C0A560040249B /* NSData+M9.m */; };
		DFA871281B9C0A570040249B /* NSDate+M9.m in Sources */ = {isa = PBXBuildFile; fileRef = DFA870E11B9C0A560040249B /* NSDate+M9.m */; };
		DFA871291B9C0A570040249B /* NSDictionary+M9.m in Sources */ = {isa = PBXBuildFile; fileRef = DFA870E31B9C0A560040249B /* NSDictionary+M9.m */; };
		DFA8712A1B9C0A570040249B /* NSInvocation+M9.m in Sources */ = {isa = PBXBuildFile; fileRef = DFA870E51B9C0A560040249B /* NSInvocation+M9.m */; };
		DFA8712B1B9C0A570040249B /* NSObject+AssociatedValues.m in Sources */ = {isa = PBXBuildFile; fileRef = DFA870E71B9C0A560040249B /* NSObject+AssociatedValues.m */; };
		DFA8712C1B9C0A570040249B /* NSString+M9.m in Sources */ = {isa = PBXBuildFile; fileRef = DFA870E91B9C0A560040249B /* NSString+M9.m */; };
		DFA8712D1B9C0A570040249B /* UIColor+M9.m in Sources */ = {isa = PBXBuildFile; fileRef = DFA870EB1B9C0A560040249B /* UIColor+M9.m */; };
		DFA8712E1B9C0A570040249B /* UIControl+M9EventCallback.m in Sources */ = {isa = PBXBuildFile; fileRef = DFA870ED1B9C0A570040249B /* UIControl+M9EventCallback.m */; };
		DFA8712F1B9C0A570040249B /* UIImage+M9.m in Sources */ = {isa = PBXBuildFile; fileRef = DFA870EF1B9C0A570040249B /* UIImage+M9.m */; };
		DFA871301B9C0A570040249B /* NSObject+JS.m in Sources */ = {isa = PBXBuildFile; fileRef = DFA870F21B9C0A570040249B /* NSObject+JS.m */; };
		DFA871311B9C0A570040249B /* UIColor+JS.m in Sources */ = {isa = PBXBuildFile; fileRef = DFA870F41B9C0A570040249B /* UIColor+JS.m */; };
		DFA871321B9C0A570040249B /* UIView+JS.m in Sources */ = {isa = PBXBuildFile; fileRef = DFA870F61B9C0A570040249B /* UIView+JS.m */; };
		DFA871331B9C0A570040249B /* UINavigationController+M9.m in Sources */ = {isa = PBXBuildFile; fileRef = DFA870F81B9C0A570040249B /* UINavigationController+M9.m */; };
		DFA871341B9C0A570040249B /* UIScrollView+M9.m in Sources */ = {isa = PBXBuildFile; fileRef = DFA870FA1B9C0A570040249B /* UIScrollView+M9.m */; };
		DFA871351B9C0A570040249B /* UIScrollViewController.m in Sources */ = {isa = PBXBuildFile; fileRef = DFA870FC1B9C0A570040249B /* UIScrollViewController.m */; };
		DFA871361B9C0A570040249B /* UIView+M9.m in Sources */ = {isa = PBXBuildFile; fileRef = DFA870FE1B9C0A570040249B /* UIView+M9.m */; };
		DFA871371B9C0A570040249B /* UIViewController+M9.m in Sources */ = {isa = PBXBuildFile; fileRef = DFA871001B9C0A570040249B /* UIViewController+M9.m */; };
		DFA871381B9C0A570040249B /* M9URLAction+1.0.m in Sources */ = {isa = PBXBuildFile; fileRef = DFA871031B9C0A570040249B /* M9URLAction+1.0.m */; };
		DFA871391B9C0A570040249B /* M9URLAction.m in Sources */ = {isa = PBXBuildFile; fileRef = DFA871051B9C0A570040249B /* M9URLAction.m */; };
		DFA8713A1B9C0A570040249B /* NSURL+M9.m in Sources */ = {isa = PBXBuildFile; fileRef = DFA871071B9C0A570040249B /* NSURL+M9.m */; };
		DFACA57E1BA673970002A8A0 /* M9AlertController.m in Sources */ = {isa = PBXBuildFile; fileRef = DFACA57D1BA673970002A8A0 /* M9AlertController.m */; };
		DFB515B6199231A8003DF54A /* M9RequestInfoExt.m in Sources */ = {isa = PBXBuildFile; fileRef = DFB515B5199231A8003DF54A /* M9RequestInfoExt.m */; };
		DFD6964F1998788B0089B2B5 /* JSLayoutViewController.m in Sources */ = {isa = PBXBuildFile; fileRef = DFD6964E1998788B0089B2B5 /* JSLayoutViewController.m */; };
		DFDF48011AFC965100F6E31C /* TestPagingViewController.m in Sources */ = {isa = PBXBuildFile; fileRef = DFDF48001AFC965100F6E31C /* TestPagingViewController.m */; };
		DFE66CAF1B3A80EB00124656 /* NSString+CompareToVersion.m in Sources */ = {isa = PBXBuildFile; fileRef = DFE66CAE1B3A80EB00124656 /* NSString+CompareToVersion.m */; };
		DFE66CC11B3AC59600124656 /* TestActionViewController.m in Sources */ = {isa = PBXBuildFile; fileRef = DFE66CC01B3AC59600124656 /* TestActionViewController.m */; };
		DFE66CC41B3D650500124656 /* VideosJSCollectionViewController+action.m in Sources */ = {isa = PBXBuildFile; fileRef = DFE66CC31B3D650500124656 /* VideosJSCollectionViewController+action.m */; };
		DFF2339719B82F500045FDCE /* VideosJSCollectionViewController.m in Sources */ = {isa = PBXBuildFile; fileRef = DFF2339619B82F500045FDCE /* VideosJSCollectionViewController.m */; };
		DFF233AB19B85B140045FDCE /* jslayout in Resources */ = {isa = PBXBuildFile; fileRef = DFF233AA19B85B140045FDCE /* jslayout */; };
		DFF233C219B8AF560045FDCE /* JRSwizzle.m in Sources */ = {isa = PBXBuildFile; fileRef = DFF233C119B8AF560045FDCE /* JRSwizzle.m */; };
		DFF233C519B8BB010045FDCE /* JSCollectionViewCell.m in Sources */ = {isa = PBXBuildFile; fileRef = DFF233C419B8BB010045FDCE /* JSCollectionViewCell.m */; };
		DFF3C3DE19B9CF8F00E8F0DA /* JSCollectionViewFlowLayout.m in Sources */ = {isa = PBXBuildFile; fileRef = DFF3C3DD19B9CF8F00E8F0DA /* JSCollectionViewFlowLayout.m */; };
		DFFA08C11A134F1E003168E1 /* M9PromiseTests.m in Sources */ = {isa = PBXBuildFile; fileRef = DFFA08C01A134F1E003168E1 /* M9PromiseTests.m */; };
		DFFA08C71A136060003168E1 /* Specta+Expecta.m in Sources */ = {isa = PBXBuildFile; fileRef = DFFA08C61A136060003168E1 /* Specta+Expecta.m */; };
		DFFCA3E51A398B61009BDE46 /* SpectaAlternative.m in Sources */ = {isa = PBXBuildFile; fileRef = DFFCA3E41A398B61009BDE46 /* SpectaAlternative.m */; };
		DFFCA3E71A3993B0009BDE46 /* M9WhenTests.m in Sources */ = {isa = PBXBuildFile; fileRef = DFFCA3E61A3993B0009BDE46 /* M9WhenTests.m */; };
/* End PBXBuildFile section */

/* Begin PBXContainerItemProxy section */
		DF69D2411967EA7F00B8C011 /* PBXContainerItemProxy */ = {
			isa = PBXContainerItemProxy;
			containerPortal = DF69D2191967EA7E00B8C011 /* Project object */;
			proxyType = 1;
			remoteGlobalIDString = DF69D2201967EA7E00B8C011;
			remoteInfo = M9Dev;
		};
/* End PBXContainerItemProxy section */

/* Begin PBXFileReference section */
		22F1125B55E062DE6BB5DCA7 /* Pods-M9DevTests.release.xcconfig */ = {isa = PBXFileReference; includeInIndex = 1; lastKnownFileType = text.xcconfig; name = "Pods-M9DevTests.release.xcconfig"; path = "Pods/Target Support Files/Pods-M9DevTests/Pods-M9DevTests.release.xcconfig"; sourceTree = "<group>"; };
		5CD668994EC447AAC47A2B14 /* libPods-M9DevTests.a */ = {isa = PBXFileReference; explicitFileType = archive.ar; includeInIndex = 0; path = "libPods-M9DevTests.a"; sourceTree = BUILT_PRODUCTS_DIR; };
		8448D981CCB32F83BD81493F /* Pods-M9DevTests.debug.xcconfig */ = {isa = PBXFileReference; includeInIndex = 1; lastKnownFileType = text.xcconfig; name = "Pods-M9DevTests.debug.xcconfig"; path = "Pods/Target Support Files/Pods-M9DevTests/Pods-M9DevTests.debug.xcconfig"; sourceTree = "<group>"; };
		99F85B4578904FC4A7C2B0CB /* libPods.a */ = {isa = PBXFileReference; explicitFileType = archive.ar; includeInIndex = 0; path = libPods.a; sourceTree = BUILT_PRODUCTS_DIR; };
		C40F5709482EB90422698E21 /* libPods-M9Dev.a */ = {isa = PBXFileReference; explicitFileType = archive.ar; includeInIndex = 0; path = "libPods-M9Dev.a"; sourceTree = BUILT_PRODUCTS_DIR; };
		DF18B31D1BA001FB00CE10CB /* TestCornerRadiusViewController.h */ = {isa = PBXFileReference; fileEncoding = 4; lastKnownFileType = sourcecode.c.h; path = TestCornerRadiusViewController.h; sourceTree = "<group>"; };
		DF18B31E1BA001FB00CE10CB /* TestCornerRadiusViewController.m */ = {isa = PBXFileReference; fileEncoding = 4; lastKnownFileType = sourcecode.c.objc; path = TestCornerRadiusViewController.m; sourceTree = "<group>"; };
		DF18B3221BA00E4D00CE10CB /* M9Dev.bundle */ = {isa = PBXFileReference; lastKnownFileType = "wrapper.plug-in"; path = M9Dev.bundle; sourceTree = "<group>"; };
		DF256A151BC95BEC00154BF6 /* M9Link.h */ = {isa = PBXFileReference; fileEncoding = 4; lastKnownFileType = sourcecode.c.h; path = M9Link.h; sourceTree = "<group>"; };
		DF256A161BC95BEC00154BF6 /* M9Link.m */ = {isa = PBXFileReference; fileEncoding = 4; lastKnownFileType = sourcecode.c.objc; path = M9Link.m; sourceTree = "<group>"; };
		DF2781171B9DB4F800E5E517 /* Accelerate.framework */ = {isa = PBXFileReference; lastKnownFileType = wrapper.framework; name = Accelerate.framework; path = System/Library/Frameworks/Accelerate.framework; sourceTree = SDKROOT; };
		DF34A3E51BAC58EE00F6AF06 /* FreeTestViewController.h */ = {isa = PBXFileReference; fileEncoding = 4; lastKnownFileType = sourcecode.c.h; path = FreeTestViewController.h; sourceTree = "<group>"; };
		DF34A3E61BAC58EE00F6AF06 /* FreeTestViewController.m */ = {isa = PBXFileReference; fileEncoding = 4; lastKnownFileType = sourcecode.c.objc; path = FreeTestViewController.m; sourceTree = "<group>"; };
		DF34A3E81BAC6B7A00F6AF06 /* EXTScope.m */ = {isa = PBXFileReference; fileEncoding = 4; lastKnownFileType = sourcecode.c.objc; path = EXTScope.m; sourceTree = "<group>"; };
		DF57B64119A74E9300C374E8 /* M9DevTestTableViewController.h */ = {isa = PBXFileReference; fileEncoding = 4; lastKnownFileType = sourcecode.c.h; path = M9DevTestTableViewController.h; sourceTree = "<group>"; };
		DF57B64219A74E9300C374E8 /* M9DevTestTableViewController.m */ = {isa = PBXFileReference; fileEncoding = 4; lastKnownFileType = sourcecode.c.objc; path = M9DevTestTableViewController.m; sourceTree = "<group>"; };
		DF64282E1BAC41CC00966CF2 /* LaunchScreen.xib */ = {isa = PBXFileReference; fileEncoding = 4; lastKnownFileType = file.xib; path = LaunchScreen.xib; sourceTree = "<group>"; };
		DF69D2211967EA7E00B8C011 /* M9Dev.app */ = {isa = PBXFileReference; explicitFileType = wrapper.application; includeInIndex = 0; path = M9Dev.app; sourceTree = BUILT_PRODUCTS_DIR; };
		DF69D2241967EA7E00B8C011 /* Foundation.framework */ = {isa = PBXFileReference; lastKnownFileType = wrapper.framework; name = Foundation.framework; path = System/Library/Frameworks/Foundation.framework; sourceTree = SDKROOT; };
		DF69D2261967EA7E00B8C011 /* CoreGraphics.framework */ = {isa = PBXFileReference; lastKnownFileType = wrapper.framework; name = CoreGraphics.framework; path = System/Library/Frameworks/CoreGraphics.framework; sourceTree = SDKROOT; };
		DF69D2281967EA7E00B8C011 /* UIKit.framework */ = {isa = PBXFileReference; lastKnownFileType = wrapper.framework; name = UIKit.framework; path = System/Library/Frameworks/UIKit.framework; sourceTree = SDKROOT; };
		DF69D22C1967EA7E00B8C011 /* M9Dev-Info.plist */ = {isa = PBXFileReference; lastKnownFileType = text.plist.xml; path = "M9Dev-Info.plist"; sourceTree = "<group>"; };
		DF69D22E1967EA7E00B8C011 /* en */ = {isa = PBXFileReference; lastKnownFileType = text.plist.strings; name = en; path = en.lproj/InfoPlist.strings; sourceTree = "<group>"; };
		DF69D2301967EA7E00B8C011 /* main.m */ = {isa = PBXFileReference; lastKnownFileType = sourcecode.c.objc; path = main.m; sourceTree = "<group>"; };
		DF69D2321967EA7E00B8C011 /* M9Dev-Prefix.pch */ = {isa = PBXFileReference; lastKnownFileType = sourcecode.c.h; path = "M9Dev-Prefix.pch"; sourceTree = "<group>"; };
		DF69D2331967EA7E00B8C011 /* AppDelegate.h */ = {isa = PBXFileReference; lastKnownFileType = sourcecode.c.h; path = AppDelegate.h; sourceTree = "<group>"; };
		DF69D2341967EA7E00B8C011 /* AppDelegate.m */ = {isa = PBXFileReference; lastKnownFileType = sourcecode.c.objc; path = AppDelegate.m; sourceTree = "<group>"; };
		DF69D2361967EA7F00B8C011 /* Images.xcassets */ = {isa = PBXFileReference; lastKnownFileType = folder.assetcatalog; path = Images.xcassets; sourceTree = "<group>"; };
		DF69D23C1967EA7F00B8C011 /* M9DevTests.xctest */ = {isa = PBXFileReference; explicitFileType = wrapper.cfbundle; includeInIndex = 0; path = M9DevTests.xctest; sourceTree = BUILT_PRODUCTS_DIR; };
		DF69D23D1967EA7F00B8C011 /* XCTest.framework */ = {isa = PBXFileReference; lastKnownFileType = wrapper.framework; name = XCTest.framework; path = Library/Frameworks/XCTest.framework; sourceTree = DEVELOPER_DIR; };
		DF69D2451967EA7F00B8C011 /* M9DevTests-Info.plist */ = {isa = PBXFileReference; lastKnownFileType = text.plist.xml; path = "M9DevTests-Info.plist"; sourceTree = "<group>"; };
		DF69D2471967EA7F00B8C011 /* en */ = {isa = PBXFileReference; lastKnownFileType = text.plist.strings; name = en; path = en.lproj/InfoPlist.strings; sourceTree = "<group>"; };
		DF69D2491967EA7F00B8C011 /* M9DevTests.m */ = {isa = PBXFileReference; lastKnownFileType = sourcecode.c.objc; path = M9DevTests.m; sourceTree = "<group>"; };
		DF69D2531968490F00B8C011 /* M9NetworkingViewController.h */ = {isa = PBXFileReference; fileEncoding = 4; lastKnownFileType = sourcecode.c.h; path = M9NetworkingViewController.h; sourceTree = "<group>"; };
		DF69D2541968490F00B8C011 /* M9NetworkingViewController.m */ = {isa = PBXFileReference; fileEncoding = 4; lastKnownFileType = sourcecode.c.objc; path = M9NetworkingViewController.m; sourceTree = "<group>"; };
		DF69D2581968513300B8C011 /* NSObject+AssociatedObjects.h */ = {isa = PBXFileReference; fileEncoding = 4; lastKnownFileType = sourcecode.c.h; path = "NSObject+AssociatedObjects.h"; sourceTree = "<group>"; };
		DF69D2591968513300B8C011 /* NSObject+AssociatedObjects.m */ = {isa = PBXFileReference; fileEncoding = 4; lastKnownFileType = sourcecode.c.objc; path = "NSObject+AssociatedObjects.m"; sourceTree = "<group>"; };
		DF69D28919685B6500B8C011 /* NSDate+RFC1123.h */ = {isa = PBXFileReference; fileEncoding = 4; lastKnownFileType = sourcecode.c.h; path = "NSDate+RFC1123.h"; sourceTree = "<group>"; };
		DF69D28A19685B6500B8C011 /* NSDate+RFC1123.m */ = {isa = PBXFileReference; fileEncoding = 4; lastKnownFileType = sourcecode.c.objc; path = "NSDate+RFC1123.m"; sourceTree = "<group>"; };
		DF6D6BA01B9EEAB200259E6D /* UIResponder+M9.h */ = {isa = PBXFileReference; fileEncoding = 4; lastKnownFileType = sourcecode.c.h; path = "UIResponder+M9.h"; sourceTree = "<group>"; };
		DF6D6BA11B9EEAB200259E6D /* UIResponder+M9.m */ = {isa = PBXFileReference; fileEncoding = 4; lastKnownFileType = sourcecode.c.objc; path = "UIResponder+M9.m"; sourceTree = "<group>"; };
		DF6D6BA31B9F084D00259E6D /* UITableViewCell+M9.h */ = {isa = PBXFileReference; fileEncoding = 4; lastKnownFileType = sourcecode.c.h; path = "UITableViewCell+M9.h"; sourceTree = "<group>"; };
		DF6D6BA41B9F084D00259E6D /* UITableViewCell+M9.m */ = {isa = PBXFileReference; fileEncoding = 4; lastKnownFileType = sourcecode.c.objc; path = "UITableViewCell+M9.m"; sourceTree = "<group>"; };
		DF6D6BA61B9F160100259E6D /* TestClosestAndAccessoryViewController.h */ = {isa = PBXFileReference; fileEncoding = 4; lastKnownFileType = sourcecode.c.h; path = TestClosestAndAccessoryViewController.h; sourceTree = "<group>"; };
		DF6D6BA71B9F160100259E6D /* TestClosestAndAccessoryViewController.m */ = {isa = PBXFileReference; fileEncoding = 4; lastKnownFileType = sourcecode.c.objc; path = TestClosestAndAccessoryViewController.m; sourceTree = "<group>"; };
		DF82F31E19B730D300599432 /* VideosOCCollectionViewController.h */ = {isa = PBXFileReference; fileEncoding = 4; lastKnownFileType = sourcecode.c.h; path = VideosOCCollectionViewController.h; sourceTree = "<group>"; };
		DF82F31F19B730D300599432 /* VideosOCCollectionViewController.m */ = {isa = PBXFileReference; fileEncoding = 4; lastKnownFileType = sourcecode.c.objc; path = VideosOCCollectionViewController.m; sourceTree = "<group>"; };
		DF96C5281B799A4E006DF4EA /* EXTScope.h */ = {isa = PBXFileReference; fileEncoding = 4; lastKnownFileType = sourcecode.c.h; path = EXTScope.h; sourceTree = "<group>"; };
		DF96C5291B799A4E006DF4EA /* metamacros.h */ = {isa = PBXFileReference; fileEncoding = 4; lastKnownFileType = sourcecode.c.h; path = metamacros.h; sourceTree = "<group>"; };
		DF96C52A1B799A4E006DF4EA /* readme.md */ = {isa = PBXFileReference; fileEncoding = 4; lastKnownFileType = net.daringfireball.markdown; path = readme.md; sourceTree = "<group>"; };
		DFA870971B9C0A560040249B /* ARCWeakRef.h */ = {isa = PBXFileReference; fileEncoding = 4; lastKnownFileType = sourcecode.c.h; path = ARCWeakRef.h; sourceTree = "<group>"; };
		DFA870981B9C0A560040249B /* ARCWeakRef.m */ = {isa = PBXFileReference; fileEncoding = 4; lastKnownFileType = sourcecode.c.objc; path = ARCWeakRef.m; sourceTree = "<group>"; };
		DFA8709B1B9C0A560040249B /* NSAttributedString+JS.h */ = {isa = PBXFileReference; fileEncoding = 4; lastKnownFileType = sourcecode.c.h; path = "NSAttributedString+JS.h"; sourceTree = "<group>"; };
		DFA8709C1B9C0A560040249B /* NSAttributedString+JS.m */ = {isa = PBXFileReference; fileEncoding = 4; lastKnownFileType = sourcecode.c.objc; path = "NSAttributedString+JS.m"; sourceTree = "<group>"; };
		DFA8709D1B9C0A560040249B /* NSData+JS.h */ = {isa = PBXFileReference; fileEncoding = 4; lastKnownFileType = sourcecode.c.h; path = "NSData+JS.h"; sourceTree = "<group>"; };
		DFA8709E1B9C0A560040249B /* NSData+JS.m */ = {isa = PBXFileReference; fileEncoding = 4; lastKnownFileType = sourcecode.c.objc; path = "NSData+JS.m"; sourceTree = "<group>"; };
		DFA8709F1B9C0A560040249B /* NSString+JS.h */ = {isa = PBXFileReference; fileEncoding = 4; lastKnownFileType = sourcecode.c.h; path = "NSString+JS.h"; sourceTree = "<group>"; };
		DFA870A01B9C0A560040249B /* NSString+JS.m */ = {isa = PBXFileReference; fileEncoding = 4; lastKnownFileType = sourcecode.c.objc; path = "NSString+JS.m"; sourceTree = "<group>"; };
		DFA870A11B9C0A560040249B /* NSURL+JS.h */ = {isa = PBXFileReference; fileEncoding = 4; lastKnownFileType = sourcecode.c.h; path = "NSURL+JS.h"; sourceTree = "<group>"; };
		DFA870A21B9C0A560040249B /* NSURL+JS.m */ = {isa = PBXFileReference; fileEncoding = 4; lastKnownFileType = sourcecode.c.objc; path = "NSURL+JS.m"; sourceTree = "<group>"; };
		DFA870A31B9C0A560040249B /* JSCore.h */ = {isa = PBXFileReference; fileEncoding = 4; lastKnownFileType = sourcecode.c.h; path = JSCore.h; sourceTree = "<group>"; };
		DFA870A41B9C0A560040249B /* JSCore.m */ = {isa = PBXFileReference; fileEncoding = 4; lastKnownFileType = sourcecode.c.objc; path = JSCore.m; sourceTree = "<group>"; };
		DFA870A51B9C0A560040249B /* JSView.h */ = {isa = PBXFileReference; fileEncoding = 4; lastKnownFileType = sourcecode.c.h; path = JSView.h; sourceTree = "<group>"; };
		DFA870A61B9C0A560040249B /* JSView.m */ = {isa = PBXFileReference; fileEncoding = 4; lastKnownFileType = sourcecode.c.objc; path = JSView.m; sourceTree = "<group>"; };
		DFA870A81B9C0A560040249B /* NSObject+JS.h */ = {isa = PBXFileReference; fileEncoding = 4; lastKnownFileType = sourcecode.c.h; path = "NSObject+JS.h"; sourceTree = "<group>"; };
		DFA870A91B9C0A560040249B /* NSObject+JS.m */ = {isa = PBXFileReference; fileEncoding = 4; lastKnownFileType = sourcecode.c.objc; path = "NSObject+JS.m"; sourceTree = "<group>"; };
		DFA870AA1B9C0A560040249B /* UICollectionViewCell+JS.h */ = {isa = PBXFileReference; fileEncoding = 4; lastKnownFileType = sourcecode.c.h; path = "UICollectionViewCell+JS.h"; sourceTree = "<group>"; };
		DFA870AB1B9C0A560040249B /* UICollectionViewCell+JS.m */ = {isa = PBXFileReference; fileEncoding = 4; lastKnownFileType = sourcecode.c.objc; path = "UICollectionViewCell+JS.m"; sourceTree = "<group>"; };
		DFA870AC1B9C0A560040249B /* UICollectionViewFlowLayout+JS.h */ = {isa = PBXFileReference; fileEncoding = 4; lastKnownFileType = sourcecode.c.h; path = "UICollectionViewFlowLayout+JS.h"; sourceTree = "<group>"; };
		DFA870AD1B9C0A560040249B /* UICollectionViewFlowLayout+JS.m */ = {isa = PBXFileReference; fileEncoding = 4; lastKnownFileType = sourcecode.c.objc; path = "UICollectionViewFlowLayout+JS.m"; sourceTree = "<group>"; };
		DFA870AE1B9C0A560040249B /* UIColor+JS.h */ = {isa = PBXFileReference; fileEncoding = 4; lastKnownFileType = sourcecode.c.h; path = "UIColor+JS.h"; sourceTree = "<group>"; };
		DFA870AF1B9C0A560040249B /* UIColor+JS.m */ = {isa = PBXFileReference; fileEncoding = 4; lastKnownFileType = sourcecode.c.objc; path = "UIColor+JS.m"; sourceTree = "<group>"; };
		DFA870B01B9C0A560040249B /* UIFont+JS.h */ = {isa = PBXFileReference; fileEncoding = 4; lastKnownFileType = sourcecode.c.h; path = "UIFont+JS.h"; sourceTree = "<group>"; };
		DFA870B11B9C0A560040249B /* UIFont+JS.m */ = {isa = PBXFileReference; fileEncoding = 4; lastKnownFileType = sourcecode.c.objc; path = "UIFont+JS.m"; sourceTree = "<group>"; };
		DFA870B21B9C0A560040249B /* UIImage+JS.h */ = {isa = PBXFileReference; fileEncoding = 4; lastKnownFileType = sourcecode.c.h; path = "UIImage+JS.h"; sourceTree = "<group>"; };
		DFA870B31B9C0A560040249B /* UIImage+JS.m */ = {isa = PBXFileReference; fileEncoding = 4; lastKnownFileType = sourcecode.c.objc; path = "UIImage+JS.m"; sourceTree = "<group>"; };
		DFA870B41B9C0A560040249B /* UIImageView+JS.h */ = {isa = PBXFileReference; fileEncoding = 4; lastKnownFileType = sourcecode.c.h; path = "UIImageView+JS.h"; sourceTree = "<group>"; };
		DFA870B51B9C0A560040249B /* UIImageView+JS.m */ = {isa = PBXFileReference; fileEncoding = 4; lastKnownFileType = sourcecode.c.objc; path = "UIImageView+JS.m"; sourceTree = "<group>"; };
		DFA870B61B9C0A560040249B /* UILabel+JS.h */ = {isa = PBXFileReference; fileEncoding = 4; lastKnownFileType = sourcecode.c.h; path = "UILabel+JS.h"; sourceTree = "<group>"; };
		DFA870B71B9C0A560040249B /* UILabel+JS.m */ = {isa = PBXFileReference; fileEncoding = 4; lastKnownFileType = sourcecode.c.objc; path = "UILabel+JS.m"; sourceTree = "<group>"; };
		DFA870B81B9C0A560040249B /* UIView+JS.h */ = {isa = PBXFileReference; fileEncoding = 4; lastKnownFileType = sourcecode.c.h; path = "UIView+JS.h"; sourceTree = "<group>"; };
		DFA870B91B9C0A560040249B /* UIView+JS.m */ = {isa = PBXFileReference; fileEncoding = 4; lastKnownFileType = sourcecode.c.objc; path = "UIView+JS.m"; sourceTree = "<group>"; };
		DFA870BB1B9C0A560040249B /* JSONObject.h */ = {isa = PBXFileReference; fileEncoding = 4; lastKnownFileType = sourcecode.c.h; path = JSONObject.h; sourceTree = "<group>"; };
		DFA870BC1B9C0A560040249B /* JSONObject.m */ = {isa = PBXFileReference; fileEncoding = 4; lastKnownFileType = sourcecode.c.objc; path = JSONObject.m; sourceTree = "<group>"; };
		DFA870BD1B9C0A560040249B /* NSString+JSONObject.h */ = {isa = PBXFileReference; fileEncoding = 4; lastKnownFileType = sourcecode.c.h; path = "NSString+JSONObject.h"; sourceTree = "<group>"; };
		DFA870BE1B9C0A560040249B /* NSString+JSONObject.m */ = {isa = PBXFileReference; fileEncoding = 4; lastKnownFileType = sourcecode.c.objc; path = "NSString+JSONObject.m"; sourceTree = "<group>"; };
		DFA870C01B9C0A560040249B /* UIColor+JS.h */ = {isa = PBXFileReference; fileEncoding = 4; lastKnownFileType = sourcecode.c.h; path = "UIColor+JS.h"; sourceTree = "<group>"; };
		DFA870C11B9C0A560040249B /* UIColor+JS.m */ = {isa = PBXFileReference; fileEncoding = 4; lastKnownFileType = sourcecode.c.objc; path = "UIColor+JS.m"; sourceTree = "<group>"; };
		DFA870C21B9C0A560040249B /* UIView+JS.h */ = {isa = PBXFileReference; fileEncoding = 4; lastKnownFileType = sourcecode.c.h; path = "UIView+JS.h"; sourceTree = "<group>"; };
		DFA870C31B9C0A560040249B /* UIView+JS.m */ = {isa = PBXFileReference; fileEncoding = 4; lastKnownFileType = sourcecode.c.objc; path = "UIView+JS.m"; sourceTree = "<group>"; };
		DFA870C41B9C0A560040249B /* M9Dev.h */ = {isa = PBXFileReference; fileEncoding = 4; lastKnownFileType = sourcecode.c.h; path = M9Dev.h; sourceTree = "<group>"; };
		DFA870C61B9C0A560040249B /* AFNResponseInfo.h */ = {isa = PBXFileReference; fileEncoding = 4; lastKnownFileType = sourcecode.c.h; path = AFNResponseInfo.h; sourceTree = "<group>"; };
		DFA870C71B9C0A560040249B /* AFNResponseInfo.m */ = {isa = PBXFileReference; fileEncoding = 4; lastKnownFileType = sourcecode.c.objc; path = AFNResponseInfo.m; sourceTree = "<group>"; };
		DFA870C81B9C0A560040249B /* M9Networking.h */ = {isa = PBXFileReference; fileEncoding = 4; lastKnownFileType = sourcecode.c.h; path = M9Networking.h; sourceTree = "<group>"; };
		DFA870C91B9C0A560040249B /* M9Networking.m */ = {isa = PBXFileReference; fileEncoding = 4; lastKnownFileType = sourcecode.c.objc; path = M9Networking.m; sourceTree = "<group>"; };
		DFA870CA1B9C0A560040249B /* M9RequestInfo.h */ = {isa = PBXFileReference; fileEncoding = 4; lastKnownFileType = sourcecode.c.h; path = M9RequestInfo.h; sourceTree = "<group>"; };
		DFA870CB1B9C0A560040249B /* M9RequestInfo.m */ = {isa = PBXFileReference; fileEncoding = 4; lastKnownFileType = sourcecode.c.objc; path = M9RequestInfo.m; sourceTree = "<group>"; };
		DFA870CC1B9C0A560040249B /* M9RequestRef+Private.h */ = {isa = PBXFileReference; fileEncoding = 4; lastKnownFileType = sourcecode.c.h; path = "M9RequestRef+Private.h"; sourceTree = "<group>"; };
		DFA870CD1B9C0A560040249B /* M9RequestRef.h */ = {isa = PBXFileReference; fileEncoding = 4; lastKnownFileType = sourcecode.c.h; path = M9RequestRef.h; sourceTree = "<group>"; };
		DFA870CE1B9C0A560040249B /* M9RequestRef.m */ = {isa = PBXFileReference; fileEncoding = 4; lastKnownFileType = sourcecode.c.objc; path = M9RequestRef.m; sourceTree = "<group>"; };
		DFA870CF1B9C0A560040249B /* M9ResponseInfo.h */ = {isa = PBXFileReference; fileEncoding = 4; lastKnownFileType = sourcecode.c.h; path = M9ResponseInfo.h; sourceTree = "<group>"; };
		DFA870D01B9C0A560040249B /* M9PagingViewController.h */ = {isa = PBXFileReference; fileEncoding = 4; lastKnownFileType = sourcecode.c.h; path = M9PagingViewController.h; sourceTree = "<group>"; };
		DFA870D11B9C0A560040249B /* M9PagingViewController.m */ = {isa = PBXFileReference; fileEncoding = 4; lastKnownFileType = sourcecode.c.objc; path = M9PagingViewController.m; sourceTree = "<group>"; };
		DFA870D21B9C0A560040249B /* M9Promise.h */ = {isa = PBXFileReference; fileEncoding = 4; lastKnownFileType = sourcecode.c.h; path = M9Promise.h; sourceTree = "<group>"; };
		DFA870D31B9C0A560040249B /* M9Promise.m */ = {isa = PBXFileReference; fileEncoding = 4; lastKnownFileType = sourcecode.c.objc; path = M9Promise.m; sourceTree = "<group>"; };
		DFA870D41B9C0A560040249B /* M9ScrollViewController.h */ = {isa = PBXFileReference; fileEncoding = 4; lastKnownFileType = sourcecode.c.h; path = M9ScrollViewController.h; sourceTree = "<group>"; };
		DFA870D51B9C0A560040249B /* M9ScrollViewController.m */ = {isa = PBXFileReference; fileEncoding = 4; lastKnownFileType = sourcecode.c.objc; path = M9ScrollViewController.m; sourceTree = "<group>"; };
		DFA870D61B9C0A560040249B /* M9TableViewController.h */ = {isa = PBXFileReference; fileEncoding = 4; lastKnownFileType = sourcecode.c.h; path = M9TableViewController.h; sourceTree = "<group>"; };
		DFA870D71B9C0A560040249B /* M9TableViewController.m */ = {isa = PBXFileReference; fileEncoding = 4; lastKnownFileType = sourcecode.c.objc; path = M9TableViewController.m; sourceTree = "<group>"; };
		DFA870D81B9C0A560040249B /* M9Utilities.h */ = {isa = PBXFileReference; fileEncoding = 4; lastKnownFileType = sourcecode.c.h; path = M9Utilities.h; sourceTree = "<group>"; };
		DFA870D91B9C0A560040249B /* M9Utilities.m */ = {isa = PBXFileReference; fileEncoding = 4; lastKnownFileType = sourcecode.c.objc; path = M9Utilities.m; sourceTree = "<group>"; };
		DFA870DA1B9C0A560040249B /* NSArray+M9.h */ = {isa = PBXFileReference; fileEncoding = 4; lastKnownFileType = sourcecode.c.h; path = "NSArray+M9.h"; sourceTree = "<group>"; };
		DFA870DB1B9C0A560040249B /* NSArray+M9.m */ = {isa = PBXFileReference; fileEncoding = 4; lastKnownFileType = sourcecode.c.objc; path = "NSArray+M9.m"; sourceTree = "<group>"; };
		DFA870DC1B9C0A560040249B /* NSAttributedString+M9.h */ = {isa = PBXFileReference; fileEncoding = 4; lastKnownFileType = sourcecode.c.h; path = "NSAttributedString+M9.h"; sourceTree = "<group>"; };
		DFA870DD1B9C0A560040249B /* NSAttributedString+M9.m */ = {isa = PBXFileReference; fileEncoding = 4; lastKnownFileType = sourcecode.c.objc; path = "NSAttributedString+M9.m"; sourceTree = "<group>"; };
		DFA870DE1B9C0A560040249B /* NSData+M9.h */ = {isa = PBXFileReference; fileEncoding = 4; lastKnownFileType = sourcecode.c.h; path = "NSData+M9.h"; sourceTree = "<group>"; };
		DFA870DF1B9C0A560040249B /* NSData+M9.m */ = {isa = PBXFileReference; fileEncoding = 4; lastKnownFileType = sourcecode.c.objc; path = "NSData+M9.m"; sourceTree = "<group>"; };
		DFA870E01B9C0A560040249B /* NSDate+M9.h */ = {isa = PBXFileReference; fileEncoding = 4; lastKnownFileType = sourcecode.c.h; path = "NSDate+M9.h"; sourceTree = "<group>"; };
		DFA870E11B9C0A560040249B /* NSDate+M9.m */ = {isa = PBXFileReference; fileEncoding = 4; lastKnownFileType = sourcecode.c.objc; path = "NSDate+M9.m"; sourceTree = "<group>"; };
		DFA870E21B9C0A560040249B /* NSDictionary+M9.h */ = {isa = PBXFileReference; fileEncoding = 4; lastKnownFileType = sourcecode.c.h; path = "NSDictionary+M9.h"; sourceTree = "<group>"; };
		DFA870E31B9C0A560040249B /* NSDictionary+M9.m */ = {isa = PBXFileReference; fileEncoding = 4; lastKnownFileType = sourcecode.c.objc; path = "NSDictionary+M9.m"; sourceTree = "<group>"; };
		DFA870E41B9C0A560040249B /* NSInvocation+M9.h */ = {isa = PBXFileReference; fileEncoding = 4; lastKnownFileType = sourcecode.c.h; path = "NSInvocation+M9.h"; sourceTree = "<group>"; };
		DFA870E51B9C0A560040249B /* NSInvocation+M9.m */ = {isa = PBXFileReference; fileEncoding = 4; lastKnownFileType = sourcecode.c.objc; path = "NSInvocation+M9.m"; sourceTree = "<group>"; };
		DFA870E61B9C0A560040249B /* NSObject+AssociatedValues.h */ = {isa = PBXFileReference; fileEncoding = 4; lastKnownFileType = sourcecode.c.h; path = "NSObject+AssociatedValues.h"; sourceTree = "<group>"; };
		DFA870E71B9C0A560040249B /* NSObject+AssociatedValues.m */ = {isa = PBXFileReference; fileEncoding = 4; lastKnownFileType = sourcecode.c.objc; path = "NSObject+AssociatedValues.m"; sourceTree = "<group>"; };
		DFA870E81B9C0A560040249B /* NSString+M9.h */ = {isa = PBXFileReference; fileEncoding = 4; lastKnownFileType = sourcecode.c.h; path = "NSString+M9.h"; sourceTree = "<group>"; };
		DFA870E91B9C0A560040249B /* NSString+M9.m */ = {isa = PBXFileReference; fileEncoding = 4; lastKnownFileType = sourcecode.c.objc; path = "NSString+M9.m"; sourceTree = "<group>"; };
		DFA870EA1B9C0A560040249B /* UIColor+M9.h */ = {isa = PBXFileReference; fileEncoding = 4; lastKnownFileType = sourcecode.c.h; path = "UIColor+M9.h"; sourceTree = "<group>"; };
		DFA870EB1B9C0A560040249B /* UIColor+M9.m */ = {isa = PBXFileReference; fileEncoding = 4; lastKnownFileType = sourcecode.c.objc; path = "UIColor+M9.m"; sourceTree = "<group>"; };
		DFA870EC1B9C0A560040249B /* UIControl+M9EventCallback.h */ = {isa = PBXFileReference; fileEncoding = 4; lastKnownFileType = sourcecode.c.h; path = "UIControl+M9EventCallback.h"; sourceTree = "<group>"; };
		DFA870ED1B9C0A570040249B /* UIControl+M9EventCallback.m */ = {isa = PBXFileReference; fileEncoding = 4; lastKnownFileType = sourcecode.c.objc; path = "UIControl+M9EventCallback.m"; sourceTree = "<group>"; };
		DFA870EE1B9C0A570040249B /* UIImage+M9.h */ = {isa = PBXFileReference; fileEncoding = 4; lastKnownFileType = sourcecode.c.h; path = "UIImage+M9.h"; sourceTree = "<group>"; };
		DFA870EF1B9C0A570040249B /* UIImage+M9.m */ = {isa = PBXFileReference; fileEncoding = 4; lastKnownFileType = sourcecode.c.objc; path = "UIImage+M9.m"; sourceTree = "<group>"; };
		DFA870F11B9C0A570040249B /* NSObject+JS.h */ = {isa = PBXFileReference; fileEncoding = 4; lastKnownFileType = sourcecode.c.h; path = "NSObject+JS.h"; sourceTree = "<group>"; };
		DFA870F21B9C0A570040249B /* NSObject+JS.m */ = {isa = PBXFileReference; fileEncoding = 4; lastKnownFileType = sourcecode.c.objc; path = "NSObject+JS.m"; sourceTree = "<group>"; };
		DFA870F31B9C0A570040249B /* UIColor+JS.h */ = {isa = PBXFileReference; fileEncoding = 4; lastKnownFileType = sourcecode.c.h; path = "UIColor+JS.h"; sourceTree = "<group>"; };
		DFA870F41B9C0A570040249B /* UIColor+JS.m */ = {isa = PBXFileReference; fileEncoding = 4; lastKnownFileType = sourcecode.c.objc; path = "UIColor+JS.m"; sourceTree = "<group>"; };
		DFA870F51B9C0A570040249B /* UIView+JS.h */ = {isa = PBXFileReference; fileEncoding = 4; lastKnownFileType = sourcecode.c.h; path = "UIView+JS.h"; sourceTree = "<group>"; };
		DFA870F61B9C0A570040249B /* UIView+JS.m */ = {isa = PBXFileReference; fileEncoding = 4; lastKnownFileType = sourcecode.c.objc; path = "UIView+JS.m"; sourceTree = "<group>"; };
		DFA870F71B9C0A570040249B /* UINavigationController+M9.h */ = {isa = PBXFileReference; fileEncoding = 4; lastKnownFileType = sourcecode.c.h; path = "UINavigationController+M9.h"; sourceTree = "<group>"; };
		DFA870F81B9C0A570040249B /* UINavigationController+M9.m */ = {isa = PBXFileReference; fileEncoding = 4; lastKnownFileType = sourcecode.c.objc; path = "UINavigationController+M9.m"; sourceTree = "<group>"; };
		DFA870F91B9C0A570040249B /* UIScrollView+M9.h */ = {isa = PBXFileReference; fileEncoding = 4; lastKnownFileType = sourcecode.c.h; path = "UIScrollView+M9.h"; sourceTree = "<group>"; };
		DFA870FA1B9C0A570040249B /* UIScrollView+M9.m */ = {isa = PBXFileReference; fileEncoding = 4; lastKnownFileType = sourcecode.c.objc; path = "UIScrollView+M9.m"; sourceTree = "<group>"; };
		DFA870FB1B9C0A570040249B /* UIScrollViewController.h */ = {isa = PBXFileReference; fileEncoding = 4; lastKnownFileType = sourcecode.c.h; path = UIScrollViewController.h; sourceTree = "<group>"; };
		DFA870FC1B9C0A570040249B /* UIScrollViewController.m */ = {isa = PBXFileReference; fileEncoding = 4; lastKnownFileType = sourcecode.c.objc; path = UIScrollViewController.m; sourceTree = "<group>"; };
		DFA870FD1B9C0A570040249B /* UIView+M9.h */ = {isa = PBXFileReference; fileEncoding = 4; lastKnownFileType = sourcecode.c.h; path = "UIView+M9.h"; sourceTree = "<group>"; };
		DFA870FE1B9C0A570040249B /* UIView+M9.m */ = {isa = PBXFileReference; fileEncoding = 4; lastKnownFileType = sourcecode.c.objc; path = "UIView+M9.m"; sourceTree = "<group>"; };
		DFA870FF1B9C0A570040249B /* UIViewController+M9.h */ = {isa = PBXFileReference; fileEncoding = 4; lastKnownFileType = sourcecode.c.h; path = "UIViewController+M9.h"; sourceTree = "<group>"; };
		DFA871001B9C0A570040249B /* UIViewController+M9.m */ = {isa = PBXFileReference; fileEncoding = 4; lastKnownFileType = sourcecode.c.objc; path = "UIViewController+M9.m"; sourceTree = "<group>"; };
		DFA871021B9C0A570040249B /* M9URLAction+1.0.h */ = {isa = PBXFileReference; fileEncoding = 4; lastKnownFileType = sourcecode.c.h; path = "M9URLAction+1.0.h"; sourceTree = "<group>"; };
		DFA871031B9C0A570040249B /* M9URLAction+1.0.m */ = {isa = PBXFileReference; fileEncoding = 4; lastKnownFileType = sourcecode.c.objc; path = "M9URLAction+1.0.m"; sourceTree = "<group>"; };
		DFA871041B9C0A570040249B /* M9URLAction.h */ = {isa = PBXFileReference; fileEncoding = 4; lastKnownFileType = sourcecode.c.h; path = M9URLAction.h; sourceTree = "<group>"; };
		DFA871051B9C0A570040249B /* M9URLAction.m */ = {isa = PBXFileReference; fileEncoding = 4; lastKnownFileType = sourcecode.c.objc; path = M9URLAction.m; sourceTree = "<group>"; };
		DFA871061B9C0A570040249B /* NSURL+M9.h */ = {isa = PBXFileReference; fileEncoding = 4; lastKnownFileType = sourcecode.c.h; path = "NSURL+M9.h"; sourceTree = "<group>"; };
		DFA871071B9C0A570040249B /* NSURL+M9.m */ = {isa = PBXFileReference; fileEncoding = 4; lastKnownFileType = sourcecode.c.objc; path = "NSURL+M9.m"; sourceTree = "<group>"; };
		DFACA57C1BA673970002A8A0 /* M9AlertController.h */ = {isa = PBXFileReference; fileEncoding = 4; lastKnownFileType = sourcecode.c.h; path = M9AlertController.h; sourceTree = "<group>"; };
		DFACA57D1BA673970002A8A0 /* M9AlertController.m */ = {isa = PBXFileReference; fileEncoding = 4; lastKnownFileType = sourcecode.c.objc; path = M9AlertController.m; sourceTree = "<group>"; };
		DFB515B4199231A8003DF54A /* M9RequestInfoExt.h */ = {isa = PBXFileReference; fileEncoding = 4; lastKnownFileType = sourcecode.c.h; path = M9RequestInfoExt.h; sourceTree = "<group>"; };
		DFB515B5199231A8003DF54A /* M9RequestInfoExt.m */ = {isa = PBXFileReference; fileEncoding = 4; lastKnownFileType = sourcecode.c.objc; path = M9RequestInfoExt.m; sourceTree = "<group>"; };
		DFD6964D1998788B0089B2B5 /* JSLayoutViewController.h */ = {isa = PBXFileReference; fileEncoding = 4; lastKnownFileType = sourcecode.c.h; path = JSLayoutViewController.h; sourceTree = "<group>"; };
		DFD6964E1998788B0089B2B5 /* JSLayoutViewController.m */ = {isa = PBXFileReference; fileEncoding = 4; lastKnownFileType = sourcecode.c.objc; path = JSLayoutViewController.m; sourceTree = "<group>"; };
		DFDF47FF1AFC965100F6E31C /* TestPagingViewController.h */ = {isa = PBXFileReference; fileEncoding = 4; lastKnownFileType = sourcecode.c.h; path = TestPagingViewController.h; sourceTree = "<group>"; };
		DFDF48001AFC965100F6E31C /* TestPagingViewController.m */ = {isa = PBXFileReference; fileEncoding = 4; lastKnownFileType = sourcecode.c.objc; path = TestPagingViewController.m; sourceTree = "<group>"; };
		DFE66CAD1B3A80EB00124656 /* NSString+CompareToVersion.h */ = {isa = PBXFileReference; fileEncoding = 4; lastKnownFileType = sourcecode.c.h; path = "NSString+CompareToVersion.h"; sourceTree = "<group>"; };
		DFE66CAE1B3A80EB00124656 /* NSString+CompareToVersion.m */ = {isa = PBXFileReference; fileEncoding = 4; lastKnownFileType = sourcecode.c.objc; path = "NSString+CompareToVersion.m"; sourceTree = "<group>"; };
		DFE66CBD1B3AA5CB00124656 /* CoreFoundation.framework */ = {isa = PBXFileReference; lastKnownFileType = wrapper.framework; name = CoreFoundation.framework; path = System/Library/Frameworks/CoreFoundation.framework; sourceTree = SDKROOT; };
		DFE66CBF1B3AC59600124656 /* TestActionViewController.h */ = {isa = PBXFileReference; fileEncoding = 4; lastKnownFileType = sourcecode.c.h; path = TestActionViewController.h; sourceTree = "<group>"; };
		DFE66CC01B3AC59600124656 /* TestActionViewController.m */ = {isa = PBXFileReference; fileEncoding = 4; lastKnownFileType = sourcecode.c.objc; path = TestActionViewController.m; sourceTree = "<group>"; };
		DFE66CC21B3D650500124656 /* VideosJSCollectionViewController+action.h */ = {isa = PBXFileReference; fileEncoding = 4; lastKnownFileType = sourcecode.c.h; path = "VideosJSCollectionViewController+action.h"; sourceTree = "<group>"; };
		DFE66CC31B3D650500124656 /* VideosJSCollectionViewController+action.m */ = {isa = PBXFileReference; fileEncoding = 4; lastKnownFileType = sourcecode.c.objc; path = "VideosJSCollectionViewController+action.m"; sourceTree = "<group>"; };
		DFF2339519B82F500045FDCE /* VideosJSCollectionViewController.h */ = {isa = PBXFileReference; fileEncoding = 4; lastKnownFileType = sourcecode.c.h; path = VideosJSCollectionViewController.h; sourceTree = "<group>"; };
		DFF2339619B82F500045FDCE /* VideosJSCollectionViewController.m */ = {isa = PBXFileReference; fileEncoding = 4; lastKnownFileType = sourcecode.c.objc; path = VideosJSCollectionViewController.m; sourceTree = "<group>"; };
		DFF233AA19B85B140045FDCE /* jslayout */ = {isa = PBXFileReference; lastKnownFileType = folder; path = jslayout; sourceTree = "<group>"; };
		DFF233C019B8AF560045FDCE /* JRSwizzle.h */ = {isa = PBXFileReference; fileEncoding = 4; lastKnownFileType = sourcecode.c.h; path = JRSwizzle.h; sourceTree = "<group>"; };
		DFF233C119B8AF560045FDCE /* JRSwizzle.m */ = {isa = PBXFileReference; fileEncoding = 4; lastKnownFileType = sourcecode.c.objc; path = JRSwizzle.m; sourceTree = "<group>"; };
		DFF233C319B8BB010045FDCE /* JSCollectionViewCell.h */ = {isa = PBXFileReference; fileEncoding = 4; lastKnownFileType = sourcecode.c.h; path = JSCollectionViewCell.h; sourceTree = "<group>"; };
		DFF233C419B8BB010045FDCE /* JSCollectionViewCell.m */ = {isa = PBXFileReference; fileEncoding = 4; lastKnownFileType = sourcecode.c.objc; path = JSCollectionViewCell.m; sourceTree = "<group>"; };
		DFF3C3DC19B9CF8F00E8F0DA /* JSCollectionViewFlowLayout.h */ = {isa = PBXFileReference; fileEncoding = 4; lastKnownFileType = sourcecode.c.h; path = JSCollectionViewFlowLayout.h; sourceTree = "<group>"; };
		DFF3C3DD19B9CF8F00E8F0DA /* JSCollectionViewFlowLayout.m */ = {isa = PBXFileReference; fileEncoding = 4; lastKnownFileType = sourcecode.c.objc; path = JSCollectionViewFlowLayout.m; sourceTree = "<group>"; };
		DFFA08C01A134F1E003168E1 /* M9PromiseTests.m */ = {isa = PBXFileReference; fileEncoding = 4; lastKnownFileType = sourcecode.c.objc; path = M9PromiseTests.m; sourceTree = "<group>"; };
		DFFA08C21A135AD7003168E1 /* Pods-M9Dev.debug.xcconfig */ = {isa = PBXFileReference; fileEncoding = 4; lastKnownFileType = text.xcconfig; name = "Pods-M9Dev.debug.xcconfig"; path = "Pods/Target Support Files/Pods-M9Dev/Pods-M9Dev.debug.xcconfig"; sourceTree = "<group>"; };
		DFFA08C31A135AD7003168E1 /* Pods-M9Dev.release.xcconfig */ = {isa = PBXFileReference; fileEncoding = 4; lastKnownFileType = text.xcconfig; name = "Pods-M9Dev.release.xcconfig"; path = "Pods/Target Support Files/Pods-M9Dev/Pods-M9Dev.release.xcconfig"; sourceTree = "<group>"; };
		DFFA08C61A136060003168E1 /* Specta+Expecta.m */ = {isa = PBXFileReference; fileEncoding = 4; lastKnownFileType = sourcecode.c.objc; path = "Specta+Expecta.m"; sourceTree = "<group>"; };
		DFFCA3E31A398B61009BDE46 /* SpectaAlternative.h */ = {isa = PBXFileReference; fileEncoding = 4; lastKnownFileType = sourcecode.c.h; path = SpectaAlternative.h; sourceTree = "<group>"; };
		DFFCA3E41A398B61009BDE46 /* SpectaAlternative.m */ = {isa = PBXFileReference; fileEncoding = 4; lastKnownFileType = sourcecode.c.objc; path = SpectaAlternative.m; sourceTree = "<group>"; };
		DFFCA3E61A3993B0009BDE46 /* M9WhenTests.m */ = {isa = PBXFileReference; fileEncoding = 4; lastKnownFileType = sourcecode.c.objc; path = M9WhenTests.m; sourceTree = "<group>"; };
/* End PBXFileReference section */

/* Begin PBXFrameworksBuildPhase section */
		DF69D21E1967EA7E00B8C011 /* Frameworks */ = {
			isa = PBXFrameworksBuildPhase;
			buildActionMask = 2147483647;
			files = (
				DF2781181B9DB4F800E5E517 /* Accelerate.framework in Frameworks */,
				DF69D2271967EA7E00B8C011 /* CoreGraphics.framework in Frameworks */,
				DF69D2291967EA7E00B8C011 /* UIKit.framework in Frameworks */,
				DF69D2251967EA7E00B8C011 /* Foundation.framework in Frameworks */,
				5F07CE80CFC38A9413CC8739 /* libPods-M9Dev.a in Frameworks */,
			);
			runOnlyForDeploymentPostprocessing = 0;
		};
		DF69D2391967EA7F00B8C011 /* Frameworks */ = {
			isa = PBXFrameworksBuildPhase;
			buildActionMask = 2147483647;
			files = (
				DF69D23E1967EA7F00B8C011 /* XCTest.framework in Frameworks */,
				DF69D2401967EA7F00B8C011 /* UIKit.framework in Frameworks */,
				DF69D23F1967EA7F00B8C011 /* Foundation.framework in Frameworks */,
				60D9A2532435B9F0EB6F2351 /* libPods-M9DevTests.a in Frameworks */,
			);
			runOnlyForDeploymentPostprocessing = 0;
		};
/* End PBXFrameworksBuildPhase section */

/* Begin PBXGroup section */
		25F5EB7B7A00199AA682E364 /* Pods */ = {
			isa = PBXGroup;
			children = (
				DFFA08C21A135AD7003168E1 /* Pods-M9Dev.debug.xcconfig */,
				DFFA08C31A135AD7003168E1 /* Pods-M9Dev.release.xcconfig */,
				8448D981CCB32F83BD81493F /* Pods-M9DevTests.debug.xcconfig */,
				22F1125B55E062DE6BB5DCA7 /* Pods-M9DevTests.release.xcconfig */,
			);
			name = Pods;
			sourceTree = "<group>";
		};
		DF256A141BC95BC700154BF6 /* M9Link */ = {
			isa = PBXGroup;
			children = (
				DF256A151BC95BEC00154BF6 /* M9Link.h */,
				DF256A161BC95BEC00154BF6 /* M9Link.m */,
			);
			path = M9Link;
			sourceTree = "<group>";
		};
		DF69D2181967EA7E00B8C011 = {
			isa = PBXGroup;
			children = (
				DF69D2561968513300B8C011 /* Libraries */,
				DFA870961B9C0A560040249B /* M9Dev */,
				DF18B3221BA00E4D00CE10CB /* M9Dev.bundle */,
				DF69D22A1967EA7E00B8C011 /* M9DevDemo */,
				DF69D2431967EA7F00B8C011 /* M9DevTests */,
				DFF233A919B85B060045FDCE /* Resources */,
				DF69D2231967EA7E00B8C011 /* Frameworks */,
				DF69D2221967EA7E00B8C011 /* Products */,
				25F5EB7B7A00199AA682E364 /* Pods */,
			);
			sourceTree = "<group>";
		};
		DF69D2221967EA7E00B8C011 /* Products */ = {
			isa = PBXGroup;
			children = (
				DF69D2211967EA7E00B8C011 /* M9Dev.app */,
				DF69D23C1967EA7F00B8C011 /* M9DevTests.xctest */,
			);
			name = Products;
			sourceTree = "<group>";
		};
		DF69D2231967EA7E00B8C011 /* Frameworks */ = {
			isa = PBXGroup;
			children = (
				DF2781171B9DB4F800E5E517 /* Accelerate.framework */,
				DFE66CBD1B3AA5CB00124656 /* CoreFoundation.framework */,
				DF69D2241967EA7E00B8C011 /* Foundation.framework */,
				DF69D2261967EA7E00B8C011 /* CoreGraphics.framework */,
				DF69D2281967EA7E00B8C011 /* UIKit.framework */,
				DF69D23D1967EA7F00B8C011 /* XCTest.framework */,
				99F85B4578904FC4A7C2B0CB /* libPods.a */,
				C40F5709482EB90422698E21 /* libPods-M9Dev.a */,
				5CD668994EC447AAC47A2B14 /* libPods-M9DevTests.a */,
			);
			name = Frameworks;
			sourceTree = "<group>";
		};
		DF69D22A1967EA7E00B8C011 /* M9DevDemo */ = {
			isa = PBXGroup;
			children = (
				DF69D2331967EA7E00B8C011 /* AppDelegate.h */,
				DF69D2341967EA7E00B8C011 /* AppDelegate.m */,
				DF34A3E51BAC58EE00F6AF06 /* FreeTestViewController.h */,
				DF34A3E61BAC58EE00F6AF06 /* FreeTestViewController.m */,
				DFF233C319B8BB010045FDCE /* JSCollectionViewCell.h */,
				DFF233C419B8BB010045FDCE /* JSCollectionViewCell.m */,
				DFF3C3DC19B9CF8F00E8F0DA /* JSCollectionViewFlowLayout.h */,
				DFF3C3DD19B9CF8F00E8F0DA /* JSCollectionViewFlowLayout.m */,
				DFD6964D1998788B0089B2B5 /* JSLayoutViewController.h */,
				DFD6964E1998788B0089B2B5 /* JSLayoutViewController.m */,
				DF57B64119A74E9300C374E8 /* M9DevTestTableViewController.h */,
				DF57B64219A74E9300C374E8 /* M9DevTestTableViewController.m */,
				DF69D2531968490F00B8C011 /* M9NetworkingViewController.h */,
				DF69D2541968490F00B8C011 /* M9NetworkingViewController.m */,
				DFB515B4199231A8003DF54A /* M9RequestInfoExt.h */,
				DFB515B5199231A8003DF54A /* M9RequestInfoExt.m */,
				DFE66CBF1B3AC59600124656 /* TestActionViewController.h */,
				DFE66CC01B3AC59600124656 /* TestActionViewController.m */,
				DF6D6BA61B9F160100259E6D /* TestClosestAndAccessoryViewController.h */,
				DF6D6BA71B9F160100259E6D /* TestClosestAndAccessoryViewController.m */,
				DF18B31D1BA001FB00CE10CB /* TestCornerRadiusViewController.h */,
				DF18B31E1BA001FB00CE10CB /* TestCornerRadiusViewController.m */,
				DFDF47FF1AFC965100F6E31C /* TestPagingViewController.h */,
				DFDF48001AFC965100F6E31C /* TestPagingViewController.m */,
				DFE66CC21B3D650500124656 /* VideosJSCollectionViewController+action.h */,
				DFE66CC31B3D650500124656 /* VideosJSCollectionViewController+action.m */,
				DFF2339519B82F500045FDCE /* VideosJSCollectionViewController.h */,
				DFF2339619B82F500045FDCE /* VideosJSCollectionViewController.m */,
				DF82F31E19B730D300599432 /* VideosOCCollectionViewController.h */,
				DF82F31F19B730D300599432 /* VideosOCCollectionViewController.m */,
				DF69D2361967EA7F00B8C011 /* Images.xcassets */,
				DF69D22B1967EA7E00B8C011 /* Supporting Files */,
			);
			path = M9DevDemo;
			sourceTree = "<group>";
		};
		DF69D22B1967EA7E00B8C011 /* Supporting Files */ = {
			isa = PBXGroup;
			children = (
				DF69D22D1967EA7E00B8C011 /* InfoPlist.strings */,
				DF64282E1BAC41CC00966CF2 /* LaunchScreen.xib */,
				DF69D22C1967EA7E00B8C011 /* M9Dev-Info.plist */,
				DF69D2321967EA7E00B8C011 /* M9Dev-Prefix.pch */,
				DF69D2301967EA7E00B8C011 /* main.m */,
			);
			name = "Supporting Files";
			sourceTree = "<group>";
		};
		DF69D2431967EA7F00B8C011 /* M9DevTests */ = {
			isa = PBXGroup;
			children = (
				DFFCA3E31A398B61009BDE46 /* SpectaAlternative.h */,
				DFFCA3E41A398B61009BDE46 /* SpectaAlternative.m */,
				DF69D2491967EA7F00B8C011 /* M9DevTests.m */,
				DFFA08C61A136060003168E1 /* Specta+Expecta.m */,
				DFFA08BF1A134D3A003168E1 /* M9Promise */,
				DF69D2441967EA7F00B8C011 /* Supporting Files */,
			);
			path = M9DevTests;
			sourceTree = "<group>";
		};
		DF69D2441967EA7F00B8C011 /* Supporting Files */ = {
			isa = PBXGroup;
			children = (
				DF69D2451967EA7F00B8C011 /* M9DevTests-Info.plist */,
				DF69D2461967EA7F00B8C011 /* InfoPlist.strings */,
			);
			name = "Supporting Files";
			sourceTree = "<group>";
		};
		DF69D2561968513300B8C011 /* Libraries */ = {
			isa = PBXGroup;
			children = (
				DF69D2571968513300B8C011 /* BlocksKit */,
				DFE66CAC1B3A80EB00124656 /* CompareToVersion */,
				DF96C5271B799A4E006DF4EA /* extobjc */,
				DFF233BF19B8AF560045FDCE /* JRSwizzle */,
				DF69D28819685B6500B8C011 /* MKNetworkKit */,
			);
			path = Libraries;
			sourceTree = "<group>";
		};
		DF69D2571968513300B8C011 /* BlocksKit */ = {
			isa = PBXGroup;
			children = (
				DF69D2581968513300B8C011 /* NSObject+AssociatedObjects.h */,
				DF69D2591968513300B8C011 /* NSObject+AssociatedObjects.m */,
			);
			path = BlocksKit;
			sourceTree = "<group>";
		};
		DF69D28819685B6500B8C011 /* MKNetworkKit */ = {
			isa = PBXGroup;
			children = (
				DF69D28919685B6500B8C011 /* NSDate+RFC1123.h */,
				DF69D28A19685B6500B8C011 /* NSDate+RFC1123.m */,
			);
			path = MKNetworkKit;
			sourceTree = "<group>";
		};
		DF96C5271B799A4E006DF4EA /* extobjc */ = {
			isa = PBXGroup;
			children = (
				DF96C5281B799A4E006DF4EA /* EXTScope.h */,
				DF34A3E81BAC6B7A00F6AF06 /* EXTScope.m */,
				DF96C5291B799A4E006DF4EA /* metamacros.h */,
				DF96C52A1B799A4E006DF4EA /* readme.md */,
			);
			path = extobjc;
			sourceTree = "<group>";
		};
		DFA870961B9C0A560040249B /* M9Dev */ = {
			isa = PBXGroup;
			children = (
				DFA870991B9C0A560040249B /* JSCore */,
				DFA870BA1B9C0A560040249B /* JSONObject */,
				DFA870BF1B9C0A560040249B /* JSView */,
				DF256A141BC95BC700154BF6 /* M9Link */,
				DFA870C51B9C0A560040249B /* M9Networking */,
				DFA870F01B9C0A570040249B /* UIKit+JS */,
				DFA871011B9C0A570040249B /* URLAction */,
				DFA870971B9C0A560040249B /* ARCWeakRef.h */,
				DFA870981B9C0A560040249B /* ARCWeakRef.m */,
				DFACA57C1BA673970002A8A0 /* M9AlertController.h */,
				DFACA57D1BA673970002A8A0 /* M9AlertController.m */,
				DFA870C41B9C0A560040249B /* M9Dev.h */,
				DFA870D01B9C0A560040249B /* M9PagingViewController.h */,
				DFA870D11B9C0A560040249B /* M9PagingViewController.m */,
				DFA870D21B9C0A560040249B /* M9Promise.h */,
				DFA870D31B9C0A560040249B /* M9Promise.m */,
				DFA870D41B9C0A560040249B /* M9ScrollViewController.h */,
				DFA870D51B9C0A560040249B /* M9ScrollViewController.m */,
				DFA870D61B9C0A560040249B /* M9TableViewController.h */,
				DFA870D71B9C0A560040249B /* M9TableViewController.m */,
				DFA870D81B9C0A560040249B /* M9Utilities.h */,
				DFA870D91B9C0A560040249B /* M9Utilities.m */,
				DFA870DA1B9C0A560040249B /* NSArray+M9.h */,
				DFA870DB1B9C0A560040249B /* NSArray+M9.m */,
				DFA870DC1B9C0A560040249B /* NSAttributedString+M9.h */,
				DFA870DD1B9C0A560040249B /* NSAttributedString+M9.m */,
				DFA870DE1B9C0A560040249B /* NSData+M9.h */,
				DFA870DF1B9C0A560040249B /* NSData+M9.m */,
				DFA870E01B9C0A560040249B /* NSDate+M9.h */,
				DFA870E11B9C0A560040249B /* NSDate+M9.m */,
				DFA870E21B9C0A560040249B /* NSDictionary+M9.h */,
				DFA870E31B9C0A560040249B /* NSDictionary+M9.m */,
				DFA870E41B9C0A560040249B /* NSInvocation+M9.h */,
				DFA870E51B9C0A560040249B /* NSInvocation+M9.m */,
				DFA870E61B9C0A560040249B /* NSObject+AssociatedValues.h */,
				DFA870E71B9C0A560040249B /* NSObject+AssociatedValues.m */,
				DFA870E81B9C0A560040249B /* NSString+M9.h */,
				DFA870E91B9C0A560040249B /* NSString+M9.m */,
				DFA870EA1B9C0A560040249B /* UIColor+M9.h */,
				DFA870EB1B9C0A560040249B /* UIColor+M9.m */,
				DFA870EC1B9C0A560040249B /* UIControl+M9EventCallback.h */,
				DFA870ED1B9C0A570040249B /* UIControl+M9EventCallback.m */,
				DFA870EE1B9C0A570040249B /* UIImage+M9.h */,
				DFA870EF1B9C0A570040249B /* UIImage+M9.m */,
				DFA870F71B9C0A570040249B /* UINavigationController+M9.h */,
				DFA870F81B9C0A570040249B /* UINavigationController+M9.m */,
				DF6D6BA01B9EEAB200259E6D /* UIResponder+M9.h */,
				DF6D6BA11B9EEAB200259E6D /* UIResponder+M9.m */,
				DFA870F91B9C0A570040249B /* UIScrollView+M9.h */,
				DFA870FA1B9C0A570040249B /* UIScrollView+M9.m */,
				DFA870FB1B9C0A570040249B /* UIScrollViewController.h */,
				DFA870FC1B9C0A570040249B /* UIScrollViewController.m */,
				DF6D6BA31B9F084D00259E6D /* UITableViewCell+M9.h */,
				DF6D6BA41B9F084D00259E6D /* UITableViewCell+M9.m */,
				DFA870FD1B9C0A570040249B /* UIView+M9.h */,
				DFA870FE1B9C0A570040249B /* UIView+M9.m */,
				DFA870FF1B9C0A570040249B /* UIViewController+M9.h */,
				DFA871001B9C0A570040249B /* UIViewController+M9.m */,
			);
			path = M9Dev;
			sourceTree = "<group>";
		};
		DFA870991B9C0A560040249B /* JSCore */ = {
			isa = PBXGroup;
			children = (
				DFA8709A1B9C0A560040249B /* Foundation+JS */,
				DFA870A31B9C0A560040249B /* JSCore.h */,
				DFA870A41B9C0A560040249B /* JSCore.m */,
				DFA870A51B9C0A560040249B /* JSView.h */,
				DFA870A61B9C0A560040249B /* JSView.m */,
				DFA870A71B9C0A560040249B /* UIKit+JS */,
			);
			path = JSCore;
			sourceTree = "<group>";
		};
		DFA8709A1B9C0A560040249B /* Foundation+JS */ = {
			isa = PBXGroup;
			children = (
				DFA8709B1B9C0A560040249B /* NSAttributedString+JS.h */,
				DFA8709C1B9C0A560040249B /* NSAttributedString+JS.m */,
				DFA8709D1B9C0A560040249B /* NSData+JS.h */,
				DFA8709E1B9C0A560040249B /* NSData+JS.m */,
				DFA8709F1B9C0A560040249B /* NSString+JS.h */,
				DFA870A01B9C0A560040249B /* NSString+JS.m */,
				DFA870A11B9C0A560040249B /* NSURL+JS.h */,
				DFA870A21B9C0A560040249B /* NSURL+JS.m */,
			);
			path = "Foundation+JS";
			sourceTree = "<group>";
		};
		DFA870A71B9C0A560040249B /* UIKit+JS */ = {
			isa = PBXGroup;
			children = (
				DFA870A81B9C0A560040249B /* NSObject+JS.h */,
				DFA870A91B9C0A560040249B /* NSObject+JS.m */,
				DFA870AA1B9C0A560040249B /* UICollectionViewCell+JS.h */,
				DFA870AB1B9C0A560040249B /* UICollectionViewCell+JS.m */,
				DFA870AC1B9C0A560040249B /* UICollectionViewFlowLayout+JS.h */,
				DFA870AD1B9C0A560040249B /* UICollectionViewFlowLayout+JS.m */,
				DFA870AE1B9C0A560040249B /* UIColor+JS.h */,
				DFA870AF1B9C0A560040249B /* UIColor+JS.m */,
				DFA870B01B9C0A560040249B /* UIFont+JS.h */,
				DFA870B11B9C0A560040249B /* UIFont+JS.m */,
				DFA870B21B9C0A560040249B /* UIImage+JS.h */,
				DFA870B31B9C0A560040249B /* UIImage+JS.m */,
				DFA870B41B9C0A560040249B /* UIImageView+JS.h */,
				DFA870B51B9C0A560040249B /* UIImageView+JS.m */,
				DFA870B61B9C0A560040249B /* UILabel+JS.h */,
				DFA870B71B9C0A560040249B /* UILabel+JS.m */,
				DFA870B81B9C0A560040249B /* UIView+JS.h */,
				DFA870B91B9C0A560040249B /* UIView+JS.m */,
			);
			path = "UIKit+JS";
			sourceTree = "<group>";
		};
		DFA870BA1B9C0A560040249B /* JSONObject */ = {
			isa = PBXGroup;
			children = (
				DFA870BB1B9C0A560040249B /* JSONObject.h */,
				DFA870BC1B9C0A560040249B /* JSONObject.m */,
				DFA870BD1B9C0A560040249B /* NSString+JSONObject.h */,
				DFA870BE1B9C0A560040249B /* NSString+JSONObject.m */,
			);
			path = JSONObject;
			sourceTree = "<group>";
		};
		DFA870BF1B9C0A560040249B /* JSView */ = {
			isa = PBXGroup;
			children = (
				DFA870C01B9C0A560040249B /* UIColor+JS.h */,
				DFA870C11B9C0A560040249B /* UIColor+JS.m */,
				DFA870C21B9C0A560040249B /* UIView+JS.h */,
				DFA870C31B9C0A560040249B /* UIView+JS.m */,
			);
			path = JSView;
			sourceTree = "<group>";
		};
		DFA870C51B9C0A560040249B /* M9Networking */ = {
			isa = PBXGroup;
			children = (
				DFA870C61B9C0A560040249B /* AFNResponseInfo.h */,
				DFA870C71B9C0A560040249B /* AFNResponseInfo.m */,
				DFA870C81B9C0A560040249B /* M9Networking.h */,
				DFA870C91B9C0A560040249B /* M9Networking.m */,
				DFA870CA1B9C0A560040249B /* M9RequestInfo.h */,
				DFA870CB1B9C0A560040249B /* M9RequestInfo.m */,
				DFA870CC1B9C0A560040249B /* M9RequestRef+Private.h */,
				DFA870CD1B9C0A560040249B /* M9RequestRef.h */,
				DFA870CE1B9C0A560040249B /* M9RequestRef.m */,
				DFA870CF1B9C0A560040249B /* M9ResponseInfo.h */,
			);
			path = M9Networking;
			sourceTree = "<group>";
		};
		DFA870F01B9C0A570040249B /* UIKit+JS */ = {
			isa = PBXGroup;
			children = (
				DFA870F11B9C0A570040249B /* NSObject+JS.h */,
				DFA870F21B9C0A570040249B /* NSObject+JS.m */,
				DFA870F31B9C0A570040249B /* UIColor+JS.h */,
				DFA870F41B9C0A570040249B /* UIColor+JS.m */,
				DFA870F51B9C0A570040249B /* UIView+JS.h */,
				DFA870F61B9C0A570040249B /* UIView+JS.m */,
			);
			path = "UIKit+JS";
			sourceTree = "<group>";
		};
		DFA871011B9C0A570040249B /* URLAction */ = {
			isa = PBXGroup;
			children = (
				DFA871021B9C0A570040249B /* M9URLAction+1.0.h */,
				DFA871031B9C0A570040249B /* M9URLAction+1.0.m */,
				DFA871041B9C0A570040249B /* M9URLAction.h */,
				DFA871051B9C0A570040249B /* M9URLAction.m */,
				DFA871061B9C0A570040249B /* NSURL+M9.h */,
				DFA871071B9C0A570040249B /* NSURL+M9.m */,
			);
			path = URLAction;
			sourceTree = "<group>";
		};
		DFE66CAC1B3A80EB00124656 /* CompareToVersion */ = {
			isa = PBXGroup;
			children = (
				DFE66CAD1B3A80EB00124656 /* NSString+CompareToVersion.h */,
				DFE66CAE1B3A80EB00124656 /* NSString+CompareToVersion.m */,
			);
			path = CompareToVersion;
			sourceTree = "<group>";
		};
		DFF233A919B85B060045FDCE /* Resources */ = {
			isa = PBXGroup;
			children = (
				DFF233AA19B85B140045FDCE /* jslayout */,
			);
			path = Resources;
			sourceTree = "<group>";
		};
		DFF233BF19B8AF560045FDCE /* JRSwizzle */ = {
			isa = PBXGroup;
			children = (
				DFF233C019B8AF560045FDCE /* JRSwizzle.h */,
				DFF233C119B8AF560045FDCE /* JRSwizzle.m */,
			);
			path = JRSwizzle;
			sourceTree = "<group>";
		};
		DFFA08BF1A134D3A003168E1 /* M9Promise */ = {
			isa = PBXGroup;
			children = (
				DFFA08C01A134F1E003168E1 /* M9PromiseTests.m */,
				DFFCA3E61A3993B0009BDE46 /* M9WhenTests.m */,
			);
			path = M9Promise;
			sourceTree = "<group>";
		};
/* End PBXGroup section */

/* Begin PBXNativeTarget section */
		DF69D2201967EA7E00B8C011 /* M9Dev */ = {
			isa = PBXNativeTarget;
			buildConfigurationList = DF69D24D1967EA7F00B8C011 /* Build configuration list for PBXNativeTarget "M9Dev" */;
			buildPhases = (
				14326684CC3649CFAFFC5F3A /* Check Pods Manifest.lock */,
				DF69D21D1967EA7E00B8C011 /* Sources */,
				DF69D21E1967EA7E00B8C011 /* Frameworks */,
				DF69D21F1967EA7E00B8C011 /* Resources */,
				982B247BCBB54C93BAC29918 /* Copy Pods Resources */,
			);
			buildRules = (
			);
			dependencies = (
			);
			name = M9Dev;
			productName = M9Dev;
			productReference = DF69D2211967EA7E00B8C011 /* M9Dev.app */;
			productType = "com.apple.product-type.application";
		};
		DF69D23B1967EA7F00B8C011 /* M9DevTests */ = {
			isa = PBXNativeTarget;
			buildConfigurationList = DF69D2501967EA7F00B8C011 /* Build configuration list for PBXNativeTarget "M9DevTests" */;
			buildPhases = (
				F2FF3178D04B3797A6E4F56F /* Check Pods Manifest.lock */,
				DF69D2381967EA7F00B8C011 /* Sources */,
				DF69D2391967EA7F00B8C011 /* Frameworks */,
				DF69D23A1967EA7F00B8C011 /* Resources */,
				DDC04ED2972F74918FDD500B /* Copy Pods Resources */,
			);
			buildRules = (
			);
			dependencies = (
				DF69D2421967EA7F00B8C011 /* PBXTargetDependency */,
			);
			name = M9DevTests;
			productName = M9DevTests;
			productReference = DF69D23C1967EA7F00B8C011 /* M9DevTests.xctest */;
			productType = "com.apple.product-type.bundle.unit-test";
		};
/* End PBXNativeTarget section */

/* Begin PBXProject section */
		DF69D2191967EA7E00B8C011 /* Project object */ = {
			isa = PBXProject;
			attributes = {
				CLASSPREFIX = M9;
				LastUpgradeCheck = 0700;
				ORGANIZATIONNAME = "MingLQ <minglq.9@gmail.com>";
				TargetAttributes = {
					DF69D23B1967EA7F00B8C011 = {
						TestTargetID = DF69D2201967EA7E00B8C011;
					};
				};
			};
			buildConfigurationList = DF69D21C1967EA7E00B8C011 /* Build configuration list for PBXProject "M9Dev" */;
			compatibilityVersion = "Xcode 3.2";
			developmentRegion = English;
			hasScannedForEncodings = 0;
			knownRegions = (
				en,
			);
			mainGroup = DF69D2181967EA7E00B8C011;
			productRefGroup = DF69D2221967EA7E00B8C011 /* Products */;
			projectDirPath = "";
			projectRoot = "";
			targets = (
				DF69D2201967EA7E00B8C011 /* M9Dev */,
				DF69D23B1967EA7F00B8C011 /* M9DevTests */,
			);
		};
/* End PBXProject section */

/* Begin PBXResourcesBuildPhase section */
		DF69D21F1967EA7E00B8C011 /* Resources */ = {
			isa = PBXResourcesBuildPhase;
			buildActionMask = 2147483647;
			files = (
				DF64282F1BAC41CC00966CF2 /* LaunchScreen.xib in Resources */,
				DF69D22F1967EA7E00B8C011 /* InfoPlist.strings in Resources */,
				DF18B3231BA00E4D00CE10CB /* M9Dev.bundle in Resources */,
				DF69D2371967EA7F00B8C011 /* Images.xcassets in Resources */,
				DFF233AB19B85B140045FDCE /* jslayout in Resources */,
			);
			runOnlyForDeploymentPostprocessing = 0;
		};
		DF69D23A1967EA7F00B8C011 /* Resources */ = {
			isa = PBXResourcesBuildPhase;
			buildActionMask = 2147483647;
			files = (
				DF69D2481967EA7F00B8C011 /* InfoPlist.strings in Resources */,
			);
			runOnlyForDeploymentPostprocessing = 0;
		};
/* End PBXResourcesBuildPhase section */

/* Begin PBXShellScriptBuildPhase section */
		14326684CC3649CFAFFC5F3A /* Check Pods Manifest.lock */ = {
			isa = PBXShellScriptBuildPhase;
			buildActionMask = 2147483647;
			files = (
			);
			inputPaths = (
			);
			name = "Check Pods Manifest.lock";
			outputPaths = (
			);
			runOnlyForDeploymentPostprocessing = 0;
			shellPath = /bin/sh;
			shellScript = "diff \"${PODS_ROOT}/../Podfile.lock\" \"${PODS_ROOT}/Manifest.lock\" > /dev/null\nif [[ $? != 0 ]] ; then\n    cat << EOM\nerror: The sandbox is not in sync with the Podfile.lock. Run 'pod install' or update your CocoaPods installation.\nEOM\n    exit 1\nfi\n";
			showEnvVarsInLog = 0;
		};
		982B247BCBB54C93BAC29918 /* Copy Pods Resources */ = {
			isa = PBXShellScriptBuildPhase;
			buildActionMask = 2147483647;
			files = (
			);
			inputPaths = (
			);
			name = "Copy Pods Resources";
			outputPaths = (
			);
			runOnlyForDeploymentPostprocessing = 0;
			shellPath = /bin/sh;
			shellScript = "\"${SRCROOT}/Pods/Target Support Files/Pods-M9Dev/Pods-M9Dev-resources.sh\"\n";
			showEnvVarsInLog = 0;
		};
		DDC04ED2972F74918FDD500B /* Copy Pods Resources */ = {
			isa = PBXShellScriptBuildPhase;
			buildActionMask = 2147483647;
			files = (
			);
			inputPaths = (
			);
			name = "Copy Pods Resources";
			outputPaths = (
			);
			runOnlyForDeploymentPostprocessing = 0;
			shellPath = /bin/sh;
			shellScript = "\"${SRCROOT}/Pods/Target Support Files/Pods-M9DevTests/Pods-M9DevTests-resources.sh\"\n";
			showEnvVarsInLog = 0;
		};
		F2FF3178D04B3797A6E4F56F /* Check Pods Manifest.lock */ = {
			isa = PBXShellScriptBuildPhase;
			buildActionMask = 2147483647;
			files = (
			);
			inputPaths = (
			);
			name = "Check Pods Manifest.lock";
			outputPaths = (
			);
			runOnlyForDeploymentPostprocessing = 0;
			shellPath = /bin/sh;
			shellScript = "diff \"${PODS_ROOT}/../Podfile.lock\" \"${PODS_ROOT}/Manifest.lock\" > /dev/null\nif [[ $? != 0 ]] ; then\n    cat << EOM\nerror: The sandbox is not in sync with the Podfile.lock. Run 'pod install' or update your CocoaPods installation.\nEOM\n    exit 1\nfi\n";
			showEnvVarsInLog = 0;
		};
/* End PBXShellScriptBuildPhase section */

/* Begin PBXSourcesBuildPhase section */
		DF69D21D1967EA7E00B8C011 /* Sources */ = {
			isa = PBXSourcesBuildPhase;
			buildActionMask = 2147483647;
			files = (
				DFA871231B9C0A570040249B /* M9TableViewController.m in Sources */,
				DFA871341B9C0A570040249B /* UIScrollView+M9.m in Sources */,
				DFE66CC11B3AC59600124656 /* TestActionViewController.m in Sources */,
				DFA8711B1B9C0A570040249B /* UIView+JS.m in Sources */,
				DF69D2641968513300B8C011 /* NSObject+AssociatedObjects.m in Sources */,
				DF69D28B19685B6500B8C011 /* NSDate+RFC1123.m in Sources */,
				DFA8712E1B9C0A570040249B /* UIControl+M9EventCallback.m in Sources */,
				DFF3C3DE19B9CF8F00E8F0DA /* JSCollectionViewFlowLayout.m in Sources */,
				DFA871271B9C0A570040249B /* NSData+M9.m in Sources */,
				DFA8711E1B9C0A570040249B /* M9RequestInfo.m in Sources */,
				DFA8712A1B9C0A570040249B /* NSInvocation+M9.m in Sources */,
				DFA871391B9C0A570040249B /* M9URLAction.m in Sources */,
				DFACA57E1BA673970002A8A0 /* M9AlertController.m in Sources */,
				DFA871141B9C0A570040249B /* UIImage+JS.m in Sources */,
				DFA871311B9C0A570040249B /* UIColor+JS.m in Sources */,
				DF18B31F1BA001FB00CE10CB /* TestCornerRadiusViewController.m in Sources */,
				DFA8710B1B9C0A570040249B /* NSString+JS.m in Sources */,
				DFA871201B9C0A570040249B /* M9PagingViewController.m in Sources */,
				DFA871131B9C0A570040249B /* UIFont+JS.m in Sources */,
				DFA871361B9C0A570040249B /* UIView+M9.m in Sources */,
				DFA871151B9C0A570040249B /* UIImageView+JS.m in Sources */,
				DFA871331B9C0A570040249B /* UINavigationController+M9.m in Sources */,
				DFA871191B9C0A570040249B /* NSString+JSONObject.m in Sources */,
				DFA871181B9C0A570040249B /* JSONObject.m in Sources */,
				DFA871091B9C0A570040249B /* NSAttributedString+JS.m in Sources */,
				DFA871351B9C0A570040249B /* UIScrollViewController.m in Sources */,
				DFA871251B9C0A570040249B /* NSArray+M9.m in Sources */,
				DFA8710A1B9C0A570040249B /* NSData+JS.m in Sources */,
				DFA8711F1B9C0A570040249B /* M9RequestRef.m in Sources */,
				DFA8712F1B9C0A570040249B /* UIImage+M9.m in Sources */,
				DFA8712D1B9C0A570040249B /* UIColor+M9.m in Sources */,
				DFA8711A1B9C0A570040249B /* UIColor+JS.m in Sources */,
				DF34A3E71BAC58EE00F6AF06 /* FreeTestViewController.m in Sources */,
				DFA871261B9C0A570040249B /* NSAttributedString+M9.m in Sources */,
				DFE66CAF1B3A80EB00124656 /* NSString+CompareToVersion.m in Sources */,
				DF82F32019B730D300599432 /* VideosOCCollectionViewController.m in Sources */,
				DF256A171BC95BEC00154BF6 /* M9Link.m in Sources */,
				DF6D6BA81B9F160100259E6D /* TestClosestAndAccessoryViewController.m in Sources */,
				DFA871221B9C0A570040249B /* M9ScrollViewController.m in Sources */,
				DFE66CC41B3D650500124656 /* VideosJSCollectionViewController+action.m in Sources */,
				DFA871161B9C0A570040249B /* UILabel+JS.m in Sources */,
				DF69D2351967EA7E00B8C011 /* AppDelegate.m in Sources */,
				DFA8710E1B9C0A570040249B /* JSView.m in Sources */,
				DFF2339719B82F500045FDCE /* VideosJSCollectionViewController.m in Sources */,
				DFD6964F1998788B0089B2B5 /* JSLayoutViewController.m in Sources */,
				DF6D6BA51B9F084D00259E6D /* UITableViewCell+M9.m in Sources */,
				DFA871381B9C0A570040249B /* M9URLAction+1.0.m in Sources */,
				DF69D2551968490F00B8C011 /* M9NetworkingViewController.m in Sources */,
				DFA8710D1B9C0A570040249B /* JSCore.m in Sources */,
				DFA871121B9C0A570040249B /* UIColor+JS.m in Sources */,
				DFB515B6199231A8003DF54A /* M9RequestInfoExt.m in Sources */,
				DFA871171B9C0A570040249B /* UIView+JS.m in Sources */,
				DFDF48011AFC965100F6E31C /* TestPagingViewController.m in Sources */,
				DFA8711D1B9C0A570040249B /* M9Networking.m in Sources */,
				DF57B64319A74E9300C374E8 /* M9DevTestTableViewController.m in Sources */,
				DFA871321B9C0A570040249B /* UIView+JS.m in Sources */,
				DFA8710C1B9C0A570040249B /* NSURL+JS.m in Sources */,
				DFA871081B9C0A570040249B /* ARCWeakRef.m in Sources */,
				DFA871101B9C0A570040249B /* UICollectionViewCell+JS.m in Sources */,
				DFA8710F1B9C0A570040249B /* NSObject+JS.m in Sources */,
				DFA8712C1B9C0A570040249B /* NSString+M9.m in Sources */,
				DF34A3E91BAC6B7A00F6AF06 /* EXTScope.m in Sources */,
				DF6D6BA21B9EEAB200259E6D /* UIResponder+M9.m in Sources */,
				DFA871281B9C0A570040249B /* NSDate+M9.m in Sources */,
				DFA8712B1B9C0A570040249B /* NSObject+AssociatedValues.m in Sources */,
				DFA871111B9C0A570040249B /* UICollectionViewFlowLayout+JS.m in Sources */,
				DFF233C219B8AF560045FDCE /* JRSwizzle.m in Sources */,
				DF69D2311967EA7E00B8C011 /* main.m in Sources */,
				DFA871211B9C0A570040249B /* M9Promise.m in Sources */,
				DFA8711C1B9C0A570040249B /* AFNResponseInfo.m in Sources */,
				DFA8713A1B9C0A570040249B /* NSURL+M9.m in Sources */,
				DFA871371B9C0A570040249B /* UIViewController+M9.m in Sources */,
				DFA871291B9C0A570040249B /* NSDictionary+M9.m in Sources */,
				DFA871241B9C0A570040249B /* M9Utilities.m in Sources */,
				DFA871301B9C0A570040249B /* NSObject+JS.m in Sources */,
				DFF233C519B8BB010045FDCE /* JSCollectionViewCell.m in Sources */,
			);
			runOnlyForDeploymentPostprocessing = 0;
		};
		DF69D2381967EA7F00B8C011 /* Sources */ = {
			isa = PBXSourcesBuildPhase;
			buildActionMask = 2147483647;
			files = (
				DFFA08C71A136060003168E1 /* Specta+Expecta.m in Sources */,
				DFFCA3E51A398B61009BDE46 /* SpectaAlternative.m in Sources */,
				DFFCA3E71A3993B0009BDE46 /* M9WhenTests.m in Sources */,
				DF69D24A1967EA7F00B8C011 /* M9DevTests.m in Sources */,
				DFFA08C11A134F1E003168E1 /* M9PromiseTests.m in Sources */,
			);
			runOnlyForDeploymentPostprocessing = 0;
		};
/* End PBXSourcesBuildPhase section */

/* Begin PBXTargetDependency section */
		DF69D2421967EA7F00B8C011 /* PBXTargetDependency */ = {
			isa = PBXTargetDependency;
			target = DF69D2201967EA7E00B8C011 /* M9Dev */;
			targetProxy = DF69D2411967EA7F00B8C011 /* PBXContainerItemProxy */;
		};
/* End PBXTargetDependency section */

/* Begin PBXVariantGroup section */
		DF69D22D1967EA7E00B8C011 /* InfoPlist.strings */ = {
			isa = PBXVariantGroup;
			children = (
				DF69D22E1967EA7E00B8C011 /* en */,
			);
			name = InfoPlist.strings;
			sourceTree = "<group>";
		};
		DF69D2461967EA7F00B8C011 /* InfoPlist.strings */ = {
			isa = PBXVariantGroup;
			children = (
				DF69D2471967EA7F00B8C011 /* en */,
			);
			name = InfoPlist.strings;
			sourceTree = "<group>";
		};
/* End PBXVariantGroup section */

/* Begin XCBuildConfiguration section */
		DF69D24B1967EA7F00B8C011 /* Debug */ = {
			isa = XCBuildConfiguration;
			buildSettings = {
				ALWAYS_SEARCH_USER_PATHS = NO;
				CLANG_CXX_LANGUAGE_STANDARD = "gnu++0x";
				CLANG_CXX_LIBRARY = "libc++";
				CLANG_ENABLE_MODULES = YES;
				CLANG_ENABLE_OBJC_ARC = YES;
				CLANG_WARN_BOOL_CONVERSION = YES;
				CLANG_WARN_CONSTANT_CONVERSION = YES;
				CLANG_WARN_DIRECT_OBJC_ISA_USAGE = YES_ERROR;
				CLANG_WARN_EMPTY_BODY = YES;
				CLANG_WARN_ENUM_CONVERSION = YES;
				CLANG_WARN_INT_CONVERSION = YES;
				CLANG_WARN_OBJC_ROOT_CLASS = YES_ERROR;
				CLANG_WARN__DUPLICATE_METHOD_MATCH = YES;
				"CODE_SIGN_IDENTITY[sdk=iphoneos*]" = "iPhone Developer";
				COPY_PHASE_STRIP = NO;
				ENABLE_TESTABILITY = YES;
				GCC_C_LANGUAGE_STANDARD = gnu99;
				GCC_DYNAMIC_NO_PIC = NO;
				GCC_OPTIMIZATION_LEVEL = 0;
				GCC_PREPROCESSOR_DEFINITIONS = (
					"DEBUG=1",
					"$(inherited)",
				);
				GCC_SYMBOLS_PRIVATE_EXTERN = NO;
				GCC_WARN_64_TO_32_BIT_CONVERSION = YES;
				GCC_WARN_ABOUT_RETURN_TYPE = YES_ERROR;
				GCC_WARN_UNDECLARED_SELECTOR = YES;
				GCC_WARN_UNINITIALIZED_AUTOS = YES_AGGRESSIVE;
				GCC_WARN_UNUSED_FUNCTION = YES;
				GCC_WARN_UNUSED_VARIABLE = YES;
				IPHONEOS_DEPLOYMENT_TARGET = 7.0;
				ONLY_ACTIVE_ARCH = YES;
				SDKROOT = iphoneos;
				TARGETED_DEVICE_FAMILY = "1,2";
			};
			name = Debug;
		};
		DF69D24C1967EA7F00B8C011 /* Release */ = {
			isa = XCBuildConfiguration;
			buildSettings = {
				ALWAYS_SEARCH_USER_PATHS = NO;
				CLANG_CXX_LANGUAGE_STANDARD = "gnu++0x";
				CLANG_CXX_LIBRARY = "libc++";
				CLANG_ENABLE_MODULES = YES;
				CLANG_ENABLE_OBJC_ARC = YES;
				CLANG_WARN_BOOL_CONVERSION = YES;
				CLANG_WARN_CONSTANT_CONVERSION = YES;
				CLANG_WARN_DIRECT_OBJC_ISA_USAGE = YES_ERROR;
				CLANG_WARN_EMPTY_BODY = YES;
				CLANG_WARN_ENUM_CONVERSION = YES;
				CLANG_WARN_INT_CONVERSION = YES;
				CLANG_WARN_OBJC_ROOT_CLASS = YES_ERROR;
				CLANG_WARN__DUPLICATE_METHOD_MATCH = YES;
				"CODE_SIGN_IDENTITY[sdk=iphoneos*]" = "iPhone Developer";
				COPY_PHASE_STRIP = YES;
				ENABLE_NS_ASSERTIONS = NO;
				GCC_C_LANGUAGE_STANDARD = gnu99;
				GCC_WARN_64_TO_32_BIT_CONVERSION = YES;
				GCC_WARN_ABOUT_RETURN_TYPE = YES_ERROR;
				GCC_WARN_UNDECLARED_SELECTOR = YES;
				GCC_WARN_UNINITIALIZED_AUTOS = YES_AGGRESSIVE;
				GCC_WARN_UNUSED_FUNCTION = YES;
				GCC_WARN_UNUSED_VARIABLE = YES;
				IPHONEOS_DEPLOYMENT_TARGET = 7.0;
				SDKROOT = iphoneos;
				TARGETED_DEVICE_FAMILY = "1,2";
				VALIDATE_PRODUCT = YES;
			};
			name = Release;
		};
		DF69D24E1967EA7F00B8C011 /* Debug */ = {
			isa = XCBuildConfiguration;
			baseConfigurationReference = DFFA08C21A135AD7003168E1 /* Pods-M9Dev.debug.xcconfig */;
			buildSettings = {
				ASSETCATALOG_COMPILER_APPICON_NAME = AppIcon;
				GCC_PRECOMPILE_PREFIX_HEADER = YES;
				GCC_PREFIX_HEADER = "M9DevDemo/M9Dev-Prefix.pch";
				INFOPLIST_FILE = "$(SRCROOT)/M9DevDemo/M9Dev-Info.plist";
				PRODUCT_BUNDLE_IDENTIFIER = "im.iwill.${PRODUCT_NAME:rfc1034identifier}";
				PRODUCT_NAME = "$(TARGET_NAME)";
				TARGETED_DEVICE_FAMILY = "1,2";
				WRAPPER_EXTENSION = app;
			};
			name = Debug;
		};
		DF69D24F1967EA7F00B8C011 /* Release */ = {
			isa = XCBuildConfiguration;
			baseConfigurationReference = DFFA08C31A135AD7003168E1 /* Pods-M9Dev.release.xcconfig */;
			buildSettings = {
				ASSETCATALOG_COMPILER_APPICON_NAME = AppIcon;
				GCC_PRECOMPILE_PREFIX_HEADER = YES;
				GCC_PREFIX_HEADER = "M9DevDemo/M9Dev-Prefix.pch";
				INFOPLIST_FILE = "$(SRCROOT)/M9DevDemo/M9Dev-Info.plist";
				PRODUCT_BUNDLE_IDENTIFIER = "im.iwill.${PRODUCT_NAME:rfc1034identifier}";
				PRODUCT_NAME = "$(TARGET_NAME)";
				TARGETED_DEVICE_FAMILY = "1,2";
				WRAPPER_EXTENSION = app;
			};
			name = Release;
		};
		DF69D2511967EA7F00B8C011 /* Debug */ = {
			isa = XCBuildConfiguration;
			baseConfigurationReference = 8448D981CCB32F83BD81493F /* Pods-M9DevTests.debug.xcconfig */;
			buildSettings = {
				BUNDLE_LOADER = "$(BUILT_PRODUCTS_DIR)/M9Dev.app/M9Dev";
				GCC_PRECOMPILE_PREFIX_HEADER = YES;
				GCC_PREFIX_HEADER = "M9DevDemo/M9Dev-Prefix.pch";
				GCC_PREPROCESSOR_DEFINITIONS = (
					"DEBUG=1",
					"$(inherited)",
				);
				INFOPLIST_FILE = "M9DevTests/M9DevTests-Info.plist";
				PRODUCT_BUNDLE_IDENTIFIER = "im.iwill.${PRODUCT_NAME:rfc1034identifier}";
				PRODUCT_NAME = "$(TARGET_NAME)";
				TEST_HOST = "$(BUNDLE_LOADER)";
				WRAPPER_EXTENSION = xctest;
			};
			name = Debug;
		};
		DF69D2521967EA7F00B8C011 /* Release */ = {
			isa = XCBuildConfiguration;
			baseConfigurationReference = 22F1125B55E062DE6BB5DCA7 /* Pods-M9DevTests.release.xcconfig */;
			buildSettings = {
				BUNDLE_LOADER = "$(BUILT_PRODUCTS_DIR)/M9Dev.app/M9Dev";
				GCC_PRECOMPILE_PREFIX_HEADER = YES;
				GCC_PREFIX_HEADER = "M9DevDemo/M9Dev-Prefix.pch";
				INFOPLIST_FILE = "M9DevTests/M9DevTests-Info.plist";
				PRODUCT_BUNDLE_IDENTIFIER = "im.iwill.${PRODUCT_NAME:rfc1034identifier}";
				PRODUCT_NAME = "$(TARGET_NAME)";
				TEST_HOST = "$(BUNDLE_LOADER)";
				WRAPPER_EXTENSION = xctest;
			};
			name = Release;
		};
/* End XCBuildConfiguration section */

/* Begin XCConfigurationList section */
		DF69D21C1967EA7E00B8C011 /* Build configuration list for PBXProject "M9Dev" */ = {
			isa = XCConfigurationList;
			buildConfigurations = (
				DF69D24B1967EA7F00B8C011 /* Debug */,
				DF69D24C1967EA7F00B8C011 /* Release */,
			);
			defaultConfigurationIsVisible = 0;
			defaultConfigurationName = Release;
		};
		DF69D24D1967EA7F00B8C011 /* Build configuration list for PBXNativeTarget "M9Dev" */ = {
			isa = XCConfigurationList;
			buildConfigurations = (
				DF69D24E1967EA7F00B8C011 /* Debug */,
				DF69D24F1967EA7F00B8C011 /* Release */,
			);
			defaultConfigurationIsVisible = 0;
			defaultConfigurationName = Release;
		};
		DF69D2501967EA7F00B8C011 /* Build configuration list for PBXNativeTarget "M9DevTests" */ = {
			isa = XCConfigurationList;
			buildConfigurations = (
				DF69D2511967EA7F00B8C011 /* Debug */,
				DF69D2521967EA7F00B8C011 /* Release */,
			);
			defaultConfigurationIsVisible = 0;
			defaultConfigurationName = Release;
		};
/* End XCConfigurationList section */
	};
	rootObject = DF69D2191967EA7E00B8C011 /* Project object */;
}
